// !$*UTF8*$!
{
	archiveVersion = 1;
	classes = {
	};
	objectVersion = 50;
	objects = {

/* Begin PBXBuildFile section */
		321D41E7A29ED29205BD441C /* Pods_ORLib.framework in Frameworks */ = {isa = PBXBuildFile; fileRef = 850D0E4EC689CD46245628A2 /* Pods_ORLib.framework */; };
		4CBDF2AD2AE285E400C7D94C /* ORLib.h in Headers */ = {isa = PBXBuildFile; fileRef = 4CBDF2AC2AE285E400C7D94C /* ORLib.h */; settings = {ATTRIBUTES = (Public, ); }; };
		4CBDF2BD2AE2869D00C7D94C /* StorageProvider.swift in Sources */ = {isa = PBXBuildFile; fileRef = 4CF5D05227143F1F00D705BE /* StorageProvider.swift */; };
		4CBDF2BE2AE2869D00C7D94C /* GeofenceProvider.swift in Sources */ = {isa = PBXBuildFile; fileRef = 4CF5D05327143F1F00D705BE /* GeofenceProvider.swift */; };
		4CBDF2BF2AE2869D00C7D94C /* PushNotificationProvider.swift in Sources */ = {isa = PBXBuildFile; fileRef = 4CF5D05427143F1F00D705BE /* PushNotificationProvider.swift */; };
		4CBDF2C02AE2869D00C7D94C /* QrScannerProvider.swift in Sources */ = {isa = PBXBuildFile; fileRef = 4C0E4A11274BE411008CB352 /* QrScannerProvider.swift */; };
		4CBDF2C12AE2869D00C7D94C /* BleProvider.swift in Sources */ = {isa = PBXBuildFile; fileRef = 4C649E6729C251A300FFBEA4 /* BleProvider.swift */; };
		4CBDF2C22AE2869D00C7D94C /* ORLinkConfig.swift in Sources */ = {isa = PBXBuildFile; fileRef = 4CF5D06327143F1F00D705BE /* ORLinkConfig.swift */; };
		4CBDF2C32AE2869D00C7D94C /* ORPushNotificationButton.swift in Sources */ = {isa = PBXBuildFile; fileRef = 4CF5D06427143F1F00D705BE /* ORPushNotificationButton.swift */; };
		4CBDF2C42AE2869D00C7D94C /* ORPushNotificationAction.swift in Sources */ = {isa = PBXBuildFile; fileRef = 4CF5D06527143F1F00D705BE /* ORPushNotificationAction.swift */; };
		4CBDF2C52AE2869D00C7D94C /* ORConsoleConfig.swift in Sources */ = {isa = PBXBuildFile; fileRef = 91658F9028897E55000FF05C /* ORConsoleConfig.swift */; };
		4CBDF2C62AE2869D00C7D94C /* ORAppInfo.swift in Sources */ = {isa = PBXBuildFile; fileRef = 91658F9228897EDD000FF05C /* ORAppInfo.swift */; };
		4CBDF2C72AE2869D00C7D94C /* ProjectConfig.swift in Sources */ = {isa = PBXBuildFile; fileRef = 91AA79F028D4D525005B9913 /* ProjectConfig.swift */; };
		4CBDF2C82AE2869D00C7D94C /* ORNotificationResource.swift in Sources */ = {isa = PBXBuildFile; fileRef = 4CF5D06727143F1F00D705BE /* ORNotificationResource.swift */; };
		4CBDF2C92AE2869D00C7D94C /* HttpApiManager.swift in Sources */ = {isa = PBXBuildFile; fileRef = 4CF5D06827143F1F00D705BE /* HttpApiManager.swift */; };
		4CBDF2CA2AE2869D00C7D94C /* ApiManager.swift in Sources */ = {isa = PBXBuildFile; fileRef = 91A9A8FE28BF6C4C00DF8928 /* ApiManager.swift */; };
		4CBDF2CB2AE2869D00C7D94C /* ORTextInput.swift in Sources */ = {isa = PBXBuildFile; fileRef = 4CF5D05727143F1F00D705BE /* ORTextInput.swift */; };
		4CBDF2CC2AE2869D00C7D94C /* ORViewController.swift in Sources */ = {isa = PBXBuildFile; fileRef = 4CF5D05827143F1F00D705BE /* ORViewController.swift */; };
		4CBDF2CD2AE2869D00C7D94C /* ErrorManager.swift in Sources */ = {isa = PBXBuildFile; fileRef = 4CF5D05A27143F1F00D705BE /* ErrorManager.swift */; };
		4CBDF2CE2AE2869D00C7D94C /* QrScannerViewController.swift in Sources */ = {isa = PBXBuildFile; fileRef = 4C2CE793274BB48500416B1A /* QrScannerViewController.swift */; };
		4CBDF2CF2AE2869D00C7D94C /* ScannerOverlayPreviewLayer.swift in Sources */ = {isa = PBXBuildFile; fileRef = 4C0E4A0F274BDCE0008CB352 /* ScannerOverlayPreviewLayer.swift */; };
		4CBDF2D02AE2869D00C7D94C /* Constants.swift in Sources */ = {isa = PBXBuildFile; fileRef = 4CF5D05C27143F1F00D705BE /* Constants.swift */; };
		4CBDF2D12AE2869D00C7D94C /* Window+Utils.swift in Sources */ = {isa = PBXBuildFile; fileRef = 4CF5D05D27143F1F00D705BE /* Window+Utils.swift */; };
		4CBDF2D22AE2869D00C7D94C /* UIColor+Utils.swift in Sources */ = {isa = PBXBuildFile; fileRef = 4CF5D05E27143F1F00D705BE /* UIColor+Utils.swift */; };
		4CBDF2D32AE2869D00C7D94C /* Reachability.swift in Sources */ = {isa = PBXBuildFile; fileRef = 4CF5D05F27143F1F00D705BE /* Reachability.swift */; };
		4CBDF2D42AE2869D00C7D94C /* String+Utils.swift in Sources */ = {isa = PBXBuildFile; fileRef = 4CF5D06027143F1F00D705BE /* String+Utils.swift */; };
		4CBDF2D52AE2869D00C7D94C /* ORLib.swift in Sources */ = {isa = PBXBuildFile; fileRef = 4CF5D04A27143EEC00D705BE /* ORLib.swift */; };
		4CBDF2D62AE2869D00C7D94C /* ConfigManager.swift in Sources */ = {isa = PBXBuildFile; fileRef = 91A9A8FC28BF6A9900DF8928 /* ConfigManager.swift */; };
		4CBDF2D72AE286DF00C7D94C /* Media.xcassets in Sources */ = {isa = PBXBuildFile; fileRef = 4CC64C3E27C3CDD400A2FA4C /* Media.xcassets */; };
		4CBDF2D82AE286E200C7D94C /* ORLib.h in Sources */ = {isa = PBXBuildFile; fileRef = 4C537EE1299D3BA0006EFB94 /* ORLib.h */; };
		4CDE11E02B286275005A4170 /* WKWebView+Utils.swift in Sources */ = {isa = PBXBuildFile; fileRef = 4CDE11DF2B286275005A4170 /* WKWebView+Utils.swift */; };
		914F7D4429215D3500655A22 /* test12.json in Resources */ = {isa = PBXBuildFile; fileRef = 914F7D4329215D3500655A22 /* test12.json */; };
		9156512A28FC6D6700062E16 /* test9.json in Resources */ = {isa = PBXBuildFile; fileRef = 9156512928FC6D6700062E16 /* test9.json */; };
		91932F9328C66A3C00BABBA3 /* test1.json in Resources */ = {isa = PBXBuildFile; fileRef = 91932F9228C66A3C00BABBA3 /* test1.json */; };
		91932F9628C6715C00BABBA3 /* test2.json in Resources */ = {isa = PBXBuildFile; fileRef = 91932F9528C6715C00BABBA3 /* test2.json */; };
		91932F9828C6738A00BABBA3 /* test3.json in Resources */ = {isa = PBXBuildFile; fileRef = 91932F9728C6738A00BABBA3 /* test3.json */; };
		91932F9B28C673DC00BABBA3 /* test5.json in Resources */ = {isa = PBXBuildFile; fileRef = 91932F9928C673DC00BABBA3 /* test5.json */; };
		91932F9C28C673DC00BABBA3 /* test4.json in Resources */ = {isa = PBXBuildFile; fileRef = 91932F9A28C673DC00BABBA3 /* test4.json */; };
		91932F9E28C6752C00BABBA3 /* test6.json in Resources */ = {isa = PBXBuildFile; fileRef = 91932F9D28C6752C00BABBA3 /* test6.json */; };
		91A9A8F328BF6A3300DF8928 /* Tests.swift in Sources */ = {isa = PBXBuildFile; fileRef = 91A9A8F228BF6A3300DF8928 /* Tests.swift */; };
		91A9A8FB28BF6A4900DF8928 /* ConfigManagerTest.swift in Sources */ = {isa = PBXBuildFile; fileRef = 91A9A8FA28BF6A4900DF8928 /* ConfigManagerTest.swift */; };
		91A9A90128BF6EA000DF8928 /* FileApiManager.swift in Sources */ = {isa = PBXBuildFile; fileRef = 91A9A90028BF6EA000DF8928 /* FileApiManager.swift */; };
		91AA79F328D628E9005B9913 /* Fixture.swift in Sources */ = {isa = PBXBuildFile; fileRef = 91AA79F228D628E9005B9913 /* Fixture.swift */; };
		91D2D11828E973BF0030E2FB /* test7.json in Resources */ = {isa = PBXBuildFile; fileRef = 91D2D11728E973BF0030E2FB /* test7.json */; };
		91D2D11A28E988B10030E2FB /* test8.json in Resources */ = {isa = PBXBuildFile; fileRef = 91D2D11928E988B10030E2FB /* test8.json */; };
		91DD9FEE29102A5800912F79 /* test10.json in Resources */ = {isa = PBXBuildFile; fileRef = 91DD9FED2910280900912F79 /* test10.json */; };
		91DD9FF029102A8B00912F79 /* test11.json in Resources */ = {isa = PBXBuildFile; fileRef = 91DD9FEF29102A8B00912F79 /* test11.json */; };
		91DF424E299FA79600DFF85E /* test13.json in Resources */ = {isa = PBXBuildFile; fileRef = 91DF424D299FA79600DFF85E /* test13.json */; };
/* End PBXBuildFile section */

/* Begin PBXFileReference section */
		4C0E4A0F274BDCE0008CB352 /* ScannerOverlayPreviewLayer.swift */ = {isa = PBXFileReference; lastKnownFileType = sourcecode.swift; path = ScannerOverlayPreviewLayer.swift; sourceTree = "<group>"; };
		4C0E4A11274BE411008CB352 /* QrScannerProvider.swift */ = {isa = PBXFileReference; lastKnownFileType = sourcecode.swift; path = QrScannerProvider.swift; sourceTree = "<group>"; };
		4C2CE793274BB48500416B1A /* QrScannerViewController.swift */ = {isa = PBXFileReference; lastKnownFileType = sourcecode.swift; path = QrScannerViewController.swift; sourceTree = "<group>"; };
		4C537EDF299D3BA0006EFB94 /* ORLib.framework */ = {isa = PBXFileReference; explicitFileType = wrapper.framework; includeInIndex = 0; path = ORLib.framework; sourceTree = BUILT_PRODUCTS_DIR; };
		4C537EE1299D3BA0006EFB94 /* ORLib.h */ = {isa = PBXFileReference; lastKnownFileType = sourcecode.c.h; path = ORLib.h; sourceTree = "<group>"; };
		4C649E6729C251A300FFBEA4 /* BleProvider.swift */ = {isa = PBXFileReference; lastKnownFileType = sourcecode.swift; path = BleProvider.swift; sourceTree = "<group>"; };
		4C649E6929C2554F00FFBEA4 /* CoreBluetooth.framework */ = {isa = PBXFileReference; lastKnownFileType = wrapper.framework; name = CoreBluetooth.framework; path = Platforms/MacOSX.platform/Developer/SDKs/MacOSX13.1.sdk/System/Library/Frameworks/CoreBluetooth.framework; sourceTree = DEVELOPER_DIR; };
		4CBDF2AA2AE285E400C7D94C /* ORLib.framework */ = {isa = PBXFileReference; explicitFileType = wrapper.framework; includeInIndex = 0; path = ORLib.framework; sourceTree = BUILT_PRODUCTS_DIR; };
		4CBDF2AC2AE285E400C7D94C /* ORLib.h */ = {isa = PBXFileReference; lastKnownFileType = sourcecode.c.h; path = ORLib.h; sourceTree = "<group>"; };
		4CC64C3E27C3CDD400A2FA4C /* Media.xcassets */ = {isa = PBXFileReference; lastKnownFileType = folder.assetcatalog; path = Media.xcassets; sourceTree = "<group>"; };
		4CDE11DF2B286275005A4170 /* WKWebView+Utils.swift */ = {isa = PBXFileReference; lastKnownFileType = sourcecode.swift; path = "WKWebView+Utils.swift"; sourceTree = "<group>"; };
		4CF5D04A27143EEC00D705BE /* ORLib.swift */ = {isa = PBXFileReference; lastKnownFileType = sourcecode.swift; path = ORLib.swift; sourceTree = "<group>"; };
		4CF5D05227143F1F00D705BE /* StorageProvider.swift */ = {isa = PBXFileReference; fileEncoding = 4; lastKnownFileType = sourcecode.swift; path = StorageProvider.swift; sourceTree = "<group>"; };
		4CF5D05327143F1F00D705BE /* GeofenceProvider.swift */ = {isa = PBXFileReference; fileEncoding = 4; lastKnownFileType = sourcecode.swift; path = GeofenceProvider.swift; sourceTree = "<group>"; };
		4CF5D05427143F1F00D705BE /* PushNotificationProvider.swift */ = {isa = PBXFileReference; fileEncoding = 4; lastKnownFileType = sourcecode.swift; path = PushNotificationProvider.swift; sourceTree = "<group>"; };
		4CF5D05727143F1F00D705BE /* ORTextInput.swift */ = {isa = PBXFileReference; fileEncoding = 4; lastKnownFileType = sourcecode.swift; path = ORTextInput.swift; sourceTree = "<group>"; };
		4CF5D05827143F1F00D705BE /* ORViewController.swift */ = {isa = PBXFileReference; fileEncoding = 4; lastKnownFileType = sourcecode.swift; path = ORViewController.swift; sourceTree = "<group>"; };
		4CF5D05A27143F1F00D705BE /* ErrorManager.swift */ = {isa = PBXFileReference; fileEncoding = 4; lastKnownFileType = sourcecode.swift; path = ErrorManager.swift; sourceTree = "<group>"; };
		4CF5D05C27143F1F00D705BE /* Constants.swift */ = {isa = PBXFileReference; fileEncoding = 4; lastKnownFileType = sourcecode.swift; path = Constants.swift; sourceTree = "<group>"; };
		4CF5D05D27143F1F00D705BE /* Window+Utils.swift */ = {isa = PBXFileReference; fileEncoding = 4; lastKnownFileType = sourcecode.swift; path = "Window+Utils.swift"; sourceTree = "<group>"; };
		4CF5D05E27143F1F00D705BE /* UIColor+Utils.swift */ = {isa = PBXFileReference; fileEncoding = 4; lastKnownFileType = sourcecode.swift; path = "UIColor+Utils.swift"; sourceTree = "<group>"; };
		4CF5D05F27143F1F00D705BE /* Reachability.swift */ = {isa = PBXFileReference; fileEncoding = 4; lastKnownFileType = sourcecode.swift; path = Reachability.swift; sourceTree = "<group>"; };
		4CF5D06027143F1F00D705BE /* String+Utils.swift */ = {isa = PBXFileReference; fileEncoding = 4; lastKnownFileType = sourcecode.swift; path = "String+Utils.swift"; sourceTree = "<group>"; };
		4CF5D06327143F1F00D705BE /* ORLinkConfig.swift */ = {isa = PBXFileReference; fileEncoding = 4; lastKnownFileType = sourcecode.swift; path = ORLinkConfig.swift; sourceTree = "<group>"; };
		4CF5D06427143F1F00D705BE /* ORPushNotificationButton.swift */ = {isa = PBXFileReference; fileEncoding = 4; lastKnownFileType = sourcecode.swift; path = ORPushNotificationButton.swift; sourceTree = "<group>"; };
		4CF5D06527143F1F00D705BE /* ORPushNotificationAction.swift */ = {isa = PBXFileReference; fileEncoding = 4; lastKnownFileType = sourcecode.swift; path = ORPushNotificationAction.swift; sourceTree = "<group>"; };
		4CF5D06727143F1F00D705BE /* ORNotificationResource.swift */ = {isa = PBXFileReference; fileEncoding = 4; lastKnownFileType = sourcecode.swift; path = ORNotificationResource.swift; sourceTree = "<group>"; };
		4CF5D06827143F1F00D705BE /* HttpApiManager.swift */ = {isa = PBXFileReference; fileEncoding = 4; lastKnownFileType = sourcecode.swift; path = HttpApiManager.swift; sourceTree = "<group>"; };
		6D810B7A4C47B5174F44A8CE /* Pods-ORLib.debug.xcconfig */ = {isa = PBXFileReference; includeInIndex = 1; lastKnownFileType = text.xcconfig; name = "Pods-ORLib.debug.xcconfig"; path = "../../../../../console/iOS/K2/Pods/Target Support Files/Pods-ORLib/Pods-ORLib.debug.xcconfig"; sourceTree = "<group>"; };
		850D0E4EC689CD46245628A2 /* Pods_ORLib.framework */ = {isa = PBXFileReference; explicitFileType = wrapper.framework; includeInIndex = 0; path = Pods_ORLib.framework; sourceTree = BUILT_PRODUCTS_DIR; };
		914F7D4329215D3500655A22 /* test12.json */ = {isa = PBXFileReference; lastKnownFileType = text.json; path = test12.json; sourceTree = "<group>"; };
		9156512928FC6D6700062E16 /* test9.json */ = {isa = PBXFileReference; lastKnownFileType = text.json; path = test9.json; sourceTree = "<group>"; };
		91658F9028897E55000FF05C /* ORConsoleConfig.swift */ = {isa = PBXFileReference; lastKnownFileType = sourcecode.swift; path = ORConsoleConfig.swift; sourceTree = "<group>"; };
		91658F9228897EDD000FF05C /* ORAppInfo.swift */ = {isa = PBXFileReference; lastKnownFileType = sourcecode.swift; path = ORAppInfo.swift; sourceTree = "<group>"; };
		91932F9228C66A3C00BABBA3 /* test1.json */ = {isa = PBXFileReference; lastKnownFileType = text.json; path = test1.json; sourceTree = "<group>"; };
		91932F9428C670D800BABBA3 /* Tests.md */ = {isa = PBXFileReference; lastKnownFileType = net.daringfireball.markdown; path = Tests.md; sourceTree = "<group>"; };
		91932F9528C6715C00BABBA3 /* test2.json */ = {isa = PBXFileReference; lastKnownFileType = text.json; path = test2.json; sourceTree = "<group>"; };
		91932F9728C6738A00BABBA3 /* test3.json */ = {isa = PBXFileReference; lastKnownFileType = text.json; path = test3.json; sourceTree = "<group>"; };
		91932F9928C673DC00BABBA3 /* test5.json */ = {isa = PBXFileReference; fileEncoding = 4; lastKnownFileType = text.json; path = test5.json; sourceTree = "<group>"; };
		91932F9A28C673DC00BABBA3 /* test4.json */ = {isa = PBXFileReference; fileEncoding = 4; lastKnownFileType = text.json; path = test4.json; sourceTree = "<group>"; };
		91932F9D28C6752C00BABBA3 /* test6.json */ = {isa = PBXFileReference; lastKnownFileType = text.json; path = test6.json; sourceTree = "<group>"; };
		91A9A8F028BF6A3300DF8928 /* Tests.xctest */ = {isa = PBXFileReference; explicitFileType = wrapper.cfbundle; includeInIndex = 0; path = Tests.xctest; sourceTree = BUILT_PRODUCTS_DIR; };
		91A9A8F228BF6A3300DF8928 /* Tests.swift */ = {isa = PBXFileReference; lastKnownFileType = sourcecode.swift; path = Tests.swift; sourceTree = "<group>"; };
		91A9A8FA28BF6A4900DF8928 /* ConfigManagerTest.swift */ = {isa = PBXFileReference; lastKnownFileType = sourcecode.swift; path = ConfigManagerTest.swift; sourceTree = "<group>"; };
		91A9A8FC28BF6A9900DF8928 /* ConfigManager.swift */ = {isa = PBXFileReference; lastKnownFileType = sourcecode.swift; path = ConfigManager.swift; sourceTree = "<group>"; };
		91A9A8FE28BF6C4C00DF8928 /* ApiManager.swift */ = {isa = PBXFileReference; lastKnownFileType = sourcecode.swift; path = ApiManager.swift; sourceTree = "<group>"; };
		91A9A90028BF6EA000DF8928 /* FileApiManager.swift */ = {isa = PBXFileReference; lastKnownFileType = sourcecode.swift; path = FileApiManager.swift; sourceTree = "<group>"; };
		91AA79F028D4D525005B9913 /* ProjectConfig.swift */ = {isa = PBXFileReference; lastKnownFileType = sourcecode.swift; path = ProjectConfig.swift; sourceTree = "<group>"; };
		91AA79F228D628E9005B9913 /* Fixture.swift */ = {isa = PBXFileReference; lastKnownFileType = sourcecode.swift; path = Fixture.swift; sourceTree = "<group>"; };
		91D2D11728E973BF0030E2FB /* test7.json */ = {isa = PBXFileReference; fileEncoding = 4; lastKnownFileType = text.json; path = test7.json; sourceTree = "<group>"; };
		91D2D11928E988B10030E2FB /* test8.json */ = {isa = PBXFileReference; fileEncoding = 4; lastKnownFileType = text.json; path = test8.json; sourceTree = "<group>"; };
		91DD9FED2910280900912F79 /* test10.json */ = {isa = PBXFileReference; lastKnownFileType = text.json; path = test10.json; sourceTree = "<group>"; };
		91DD9FEF29102A8B00912F79 /* test11.json */ = {isa = PBXFileReference; lastKnownFileType = text.json; path = test11.json; sourceTree = "<group>"; };
		91DF424D299FA79600DFF85E /* test13.json */ = {isa = PBXFileReference; fileEncoding = 4; lastKnownFileType = text.json; path = test13.json; sourceTree = "<group>"; };
		F756B4974BD868B38AAE7D31 /* Pods-ORLib.release.xcconfig */ = {isa = PBXFileReference; includeInIndex = 1; lastKnownFileType = text.xcconfig; name = "Pods-ORLib.release.xcconfig"; path = "../../../../../console/iOS/K2/Pods/Target Support Files/Pods-ORLib/Pods-ORLib.release.xcconfig"; sourceTree = "<group>"; };
/* End PBXFileReference section */

/* Begin PBXFrameworksBuildPhase section */
		4CBDF2A72AE285E400C7D94C /* Frameworks */ = {
			isa = PBXFrameworksBuildPhase;
			buildActionMask = 2147483647;
			files = (
				321D41E7A29ED29205BD441C /* Pods_ORLib.framework in Frameworks */,
			);
			runOnlyForDeploymentPostprocessing = 0;
		};
		91A9A8ED28BF6A3300DF8928 /* Frameworks */ = {
			isa = PBXFrameworksBuildPhase;
			buildActionMask = 2147483647;
			files = (
			);
			runOnlyForDeploymentPostprocessing = 0;
		};
/* End PBXFrameworksBuildPhase section */

/* Begin PBXGroup section */
		4CBDF2AB2AE285E400C7D94C /* ORLib */ = {
			isa = PBXGroup;
			children = (
				4CBDF2AC2AE285E400C7D94C /* ORLib.h */,
			);
			path = ORLib;
			sourceTree = "<group>";
		};
		4CF5D03E27143EEB00D705BE = {
			isa = PBXGroup;
			children = (
				4CC64C3E27C3CDD400A2FA4C /* Media.xcassets */,
				4CF5D04927143EEC00D705BE /* ORLib */,
				91A9A8F128BF6A3300DF8928 /* Tests */,
				4CBDF2AB2AE285E400C7D94C /* ORLib */,
				4CF5D04827143EEC00D705BE /* Products */,
				717C35290053DAF6024CFEA7 /* Frameworks */,
				CE88590B0599667DB0A16FEE /* Pods */,
			);
			sourceTree = "<group>";
		};
		4CF5D04827143EEC00D705BE /* Products */ = {
			isa = PBXGroup;
			children = (
				91A9A8F028BF6A3300DF8928 /* Tests.xctest */,
				4C537EDF299D3BA0006EFB94 /* ORLib.framework */,
				4CBDF2AA2AE285E400C7D94C /* ORLib.framework */,
			);
			name = Products;
			sourceTree = "<group>";
		};
		4CF5D04927143EEC00D705BE /* ORLib */ = {
			isa = PBXGroup;
			children = (
				4CF5D05127143F1F00D705BE /* ConsoleProviders */,
				4CF5D06127143F1F00D705BE /* Models */,
				4CF5D06627143F1F00D705BE /* Network */,
				4CF5D05527143F1F00D705BE /* UI */,
				4CF5D05B27143F1F00D705BE /* Utils */,
				4CF5D04A27143EEC00D705BE /* ORLib.swift */,
				4C537EE1299D3BA0006EFB94 /* ORLib.h */,
				91A9A8FC28BF6A9900DF8928 /* ConfigManager.swift */,
			);
			path = ORLib;
			sourceTree = "<group>";
		};
		4CF5D05127143F1F00D705BE /* ConsoleProviders */ = {
			isa = PBXGroup;
			children = (
				4CF5D05227143F1F00D705BE /* StorageProvider.swift */,
				4CF5D05327143F1F00D705BE /* GeofenceProvider.swift */,
				4CF5D05427143F1F00D705BE /* PushNotificationProvider.swift */,
				4C0E4A11274BE411008CB352 /* QrScannerProvider.swift */,
				4C649E6729C251A300FFBEA4 /* BleProvider.swift */,
			);
			path = ConsoleProviders;
			sourceTree = "<group>";
		};
		4CF5D05527143F1F00D705BE /* UI */ = {
			isa = PBXGroup;
			children = (
				4CF5D05727143F1F00D705BE /* ORTextInput.swift */,
				4CF5D05827143F1F00D705BE /* ORViewController.swift */,
				4CF5D05A27143F1F00D705BE /* ErrorManager.swift */,
				4C2CE793274BB48500416B1A /* QrScannerViewController.swift */,
				4C0E4A0F274BDCE0008CB352 /* ScannerOverlayPreviewLayer.swift */,
			);
			path = UI;
			sourceTree = "<group>";
		};
		4CF5D05B27143F1F00D705BE /* Utils */ = {
			isa = PBXGroup;
			children = (
				4CF5D05C27143F1F00D705BE /* Constants.swift */,
				4CF5D05D27143F1F00D705BE /* Window+Utils.swift */,
				4CF5D05E27143F1F00D705BE /* UIColor+Utils.swift */,
				4CF5D05F27143F1F00D705BE /* Reachability.swift */,
				4CF5D06027143F1F00D705BE /* String+Utils.swift */,
				4CDE11DF2B286275005A4170 /* WKWebView+Utils.swift */,
			);
			path = Utils;
			sourceTree = "<group>";
		};
		4CF5D06127143F1F00D705BE /* Models */ = {
			isa = PBXGroup;
			children = (
				4CF5D06327143F1F00D705BE /* ORLinkConfig.swift */,
				4CF5D06427143F1F00D705BE /* ORPushNotificationButton.swift */,
				4CF5D06527143F1F00D705BE /* ORPushNotificationAction.swift */,
				91658F9028897E55000FF05C /* ORConsoleConfig.swift */,
				91658F9228897EDD000FF05C /* ORAppInfo.swift */,
				91AA79F028D4D525005B9913 /* ProjectConfig.swift */,
			);
			path = Models;
			sourceTree = "<group>";
		};
		4CF5D06627143F1F00D705BE /* Network */ = {
			isa = PBXGroup;
			children = (
				4CF5D06727143F1F00D705BE /* ORNotificationResource.swift */,
				4CF5D06827143F1F00D705BE /* HttpApiManager.swift */,
				91A9A8FE28BF6C4C00DF8928 /* ApiManager.swift */,
			);
			path = Network;
			sourceTree = "<group>";
		};
		717C35290053DAF6024CFEA7 /* Frameworks */ = {
			isa = PBXGroup;
			children = (
				4C649E6929C2554F00FFBEA4 /* CoreBluetooth.framework */,
				850D0E4EC689CD46245628A2 /* Pods_ORLib.framework */,
			);
			name = Frameworks;
			sourceTree = "<group>";
		};
		91932F9128C66A0400BABBA3 /* Fixtures */ = {
			isa = PBXGroup;
			children = (
				91932F9428C670D800BABBA3 /* Tests.md */,
				91932F9228C66A3C00BABBA3 /* test1.json */,
				91932F9528C6715C00BABBA3 /* test2.json */,
				91932F9728C6738A00BABBA3 /* test3.json */,
				91932F9A28C673DC00BABBA3 /* test4.json */,
				91932F9928C673DC00BABBA3 /* test5.json */,
				91932F9D28C6752C00BABBA3 /* test6.json */,
				91D2D11728E973BF0030E2FB /* test7.json */,
				91D2D11928E988B10030E2FB /* test8.json */,
				9156512928FC6D6700062E16 /* test9.json */,
				91DD9FED2910280900912F79 /* test10.json */,
				91DD9FEF29102A8B00912F79 /* test11.json */,
				914F7D4329215D3500655A22 /* test12.json */,
				91DF424D299FA79600DFF85E /* test13.json */,
			);
			path = Fixtures;
			sourceTree = "<group>";
		};
		91A9A8F128BF6A3300DF8928 /* Tests */ = {
			isa = PBXGroup;
			children = (
				91932F9128C66A0400BABBA3 /* Fixtures */,
				91A9A8FA28BF6A4900DF8928 /* ConfigManagerTest.swift */,
				91A9A8F228BF6A3300DF8928 /* Tests.swift */,
				91A9A90028BF6EA000DF8928 /* FileApiManager.swift */,
				91AA79F228D628E9005B9913 /* Fixture.swift */,
			);
			path = Tests;
			sourceTree = "<group>";
		};
		CE88590B0599667DB0A16FEE /* Pods */ = {
			isa = PBXGroup;
			children = (
				6D810B7A4C47B5174F44A8CE /* Pods-ORLib.debug.xcconfig */,
				F756B4974BD868B38AAE7D31 /* Pods-ORLib.release.xcconfig */,
			);
			name = Pods;
			path = ../GenericApp/Pods;
			sourceTree = "<group>";
		};
/* End PBXGroup section */

/* Begin PBXHeadersBuildPhase section */
		4CBDF2A52AE285E400C7D94C /* Headers */ = {
			isa = PBXHeadersBuildPhase;
			buildActionMask = 2147483647;
			files = (
				4CBDF2AD2AE285E400C7D94C /* ORLib.h in Headers */,
			);
			runOnlyForDeploymentPostprocessing = 0;
		};
/* End PBXHeadersBuildPhase section */

/* Begin PBXNativeTarget section */
		4CBDF2A92AE285E400C7D94C /* ORLib */ = {
			isa = PBXNativeTarget;
			buildConfigurationList = 4CBDF2B02AE285E400C7D94C /* Build configuration list for PBXNativeTarget "ORLib" */;
			buildPhases = (
				822E907AABDEA9DF9A849F71 /* [CP] Check Pods Manifest.lock */,
				4CBDF2A52AE285E400C7D94C /* Headers */,
				4CBDF2A62AE285E400C7D94C /* Sources */,
				4CBDF2A72AE285E400C7D94C /* Frameworks */,
				4CBDF2A82AE285E400C7D94C /* Resources */,
			);
			buildRules = (
			);
			dependencies = (
			);
			name = ORLib;
			productName = ORLib;
			productReference = 4CBDF2AA2AE285E400C7D94C /* ORLib.framework */;
			productType = "com.apple.product-type.framework";
		};
		91A9A8EF28BF6A3300DF8928 /* Tests */ = {
			isa = PBXNativeTarget;
			buildConfigurationList = 91A9A8F728BF6A3300DF8928 /* Build configuration list for PBXNativeTarget "Tests" */;
			buildPhases = (
				91A9A8EC28BF6A3300DF8928 /* Sources */,
				91A9A8ED28BF6A3300DF8928 /* Frameworks */,
				91A9A8EE28BF6A3300DF8928 /* Resources */,
			);
			buildRules = (
			);
			dependencies = (
			);
			name = Tests;
			productName = Tests;
			productReference = 91A9A8F028BF6A3300DF8928 /* Tests.xctest */;
			productType = "com.apple.product-type.bundle.unit-test";
		};
/* End PBXNativeTarget section */

/* Begin PBXProject section */
		4CF5D03F27143EEC00D705BE /* Project object */ = {
			isa = PBXProject;
			attributes = {
				LastSwiftUpdateCheck = 1340;
				LastUpgradeCheck = 1250;
				TargetAttributes = {
					4CBDF2A92AE285E400C7D94C = {
						CreatedOnToolsVersion = 15.0;
					};
					91A9A8EF28BF6A3300DF8928 = {
						CreatedOnToolsVersion = 13.4.1;
					};
				};
			};
			buildConfigurationList = 4CF5D04227143EEC00D705BE /* Build configuration list for PBXProject "ORLib" */;
			compatibilityVersion = "Xcode 9.3";
			developmentRegion = en;
			hasScannedForEncodings = 0;
			knownRegions = (
				en,
				Base,
			);
			mainGroup = 4CF5D03E27143EEB00D705BE;
			productRefGroup = 4CF5D04827143EEC00D705BE /* Products */;
			projectDirPath = "";
			projectRoot = "";
			targets = (
				91A9A8EF28BF6A3300DF8928 /* Tests */,
				4CBDF2A92AE285E400C7D94C /* ORLib */,
			);
		};
/* End PBXProject section */

/* Begin PBXResourcesBuildPhase section */
		4CBDF2A82AE285E400C7D94C /* Resources */ = {
			isa = PBXResourcesBuildPhase;
			buildActionMask = 2147483647;
			files = (
			);
			runOnlyForDeploymentPostprocessing = 0;
		};
		91A9A8EE28BF6A3300DF8928 /* Resources */ = {
			isa = PBXResourcesBuildPhase;
			buildActionMask = 2147483647;
			files = (
				91DD9FF029102A8B00912F79 /* test11.json in Resources */,
				91932F9328C66A3C00BABBA3 /* test1.json in Resources */,
				9156512A28FC6D6700062E16 /* test9.json in Resources */,
				91D2D11828E973BF0030E2FB /* test7.json in Resources */,
				91D2D11A28E988B10030E2FB /* test8.json in Resources */,
				91DD9FEE29102A5800912F79 /* test10.json in Resources */,
				91932F9628C6715C00BABBA3 /* test2.json in Resources */,
				91932F9828C6738A00BABBA3 /* test3.json in Resources */,
				91932F9C28C673DC00BABBA3 /* test4.json in Resources */,
				91932F9E28C6752C00BABBA3 /* test6.json in Resources */,
				91DF424E299FA79600DFF85E /* test13.json in Resources */,
				914F7D4429215D3500655A22 /* test12.json in Resources */,
				91932F9B28C673DC00BABBA3 /* test5.json in Resources */,
			);
			runOnlyForDeploymentPostprocessing = 0;
		};
/* End PBXResourcesBuildPhase section */

/* Begin PBXShellScriptBuildPhase section */
		822E907AABDEA9DF9A849F71 /* [CP] Check Pods Manifest.lock */ = {
			isa = PBXShellScriptBuildPhase;
			buildActionMask = 2147483647;
			files = (
			);
			inputFileListPaths = (
			);
			inputPaths = (
				"${PODS_PODFILE_DIR_PATH}/Podfile.lock",
				"${PODS_ROOT}/Manifest.lock",
			);
			name = "[CP] Check Pods Manifest.lock";
			outputFileListPaths = (
			);
			outputPaths = (
				"$(DERIVED_FILE_DIR)/Pods-ORLib-checkManifestLockResult.txt",
			);
			runOnlyForDeploymentPostprocessing = 0;
			shellPath = /bin/sh;
			shellScript = "diff \"${PODS_PODFILE_DIR_PATH}/Podfile.lock\" \"${PODS_ROOT}/Manifest.lock\" > /dev/null\nif [ $? != 0 ] ; then\n    # print error to STDERR\n    echo \"error: The sandbox is not in sync with the Podfile.lock. Run 'pod install' or update your CocoaPods installation.\" >&2\n    exit 1\nfi\n# This output is used by Xcode 'outputs' to avoid re-running this script phase.\necho \"SUCCESS\" > \"${SCRIPT_OUTPUT_FILE_0}\"\n";
			showEnvVarsInLog = 0;
		};
/* End PBXShellScriptBuildPhase section */

/* Begin PBXSourcesBuildPhase section */
		4CBDF2A62AE285E400C7D94C /* Sources */ = {
			isa = PBXSourcesBuildPhase;
			buildActionMask = 2147483647;
			files = (
				4CBDF2D82AE286E200C7D94C /* ORLib.h in Sources */,
				4CBDF2D72AE286DF00C7D94C /* Media.xcassets in Sources */,
				4CBDF2BD2AE2869D00C7D94C /* StorageProvider.swift in Sources */,
				4CBDF2BE2AE2869D00C7D94C /* GeofenceProvider.swift in Sources */,
				4CBDF2BF2AE2869D00C7D94C /* PushNotificationProvider.swift in Sources */,
				4CBDF2C02AE2869D00C7D94C /* QrScannerProvider.swift in Sources */,
				4CBDF2C12AE2869D00C7D94C /* BleProvider.swift in Sources */,
				4CBDF2C22AE2869D00C7D94C /* ORLinkConfig.swift in Sources */,
				4CBDF2C32AE2869D00C7D94C /* ORPushNotificationButton.swift in Sources */,
				4CBDF2C42AE2869D00C7D94C /* ORPushNotificationAction.swift in Sources */,
				4CDE11E02B286275005A4170 /* WKWebView+Utils.swift in Sources */,
				4CBDF2C52AE2869D00C7D94C /* ORConsoleConfig.swift in Sources */,
				4CBDF2C62AE2869D00C7D94C /* ORAppInfo.swift in Sources */,
				4CBDF2C72AE2869D00C7D94C /* ProjectConfig.swift in Sources */,
				4CBDF2C82AE2869D00C7D94C /* ORNotificationResource.swift in Sources */,
				4CBDF2C92AE2869D00C7D94C /* HttpApiManager.swift in Sources */,
				4CBDF2CA2AE2869D00C7D94C /* ApiManager.swift in Sources */,
				4CBDF2CB2AE2869D00C7D94C /* ORTextInput.swift in Sources */,
				4CBDF2CC2AE2869D00C7D94C /* ORViewController.swift in Sources */,
				4CBDF2CD2AE2869D00C7D94C /* ErrorManager.swift in Sources */,
				4CBDF2CE2AE2869D00C7D94C /* QrScannerViewController.swift in Sources */,
				4CBDF2CF2AE2869D00C7D94C /* ScannerOverlayPreviewLayer.swift in Sources */,
				4CBDF2D02AE2869D00C7D94C /* Constants.swift in Sources */,
				4CBDF2D12AE2869D00C7D94C /* Window+Utils.swift in Sources */,
				4CBDF2D22AE2869D00C7D94C /* UIColor+Utils.swift in Sources */,
				4CBDF2D32AE2869D00C7D94C /* Reachability.swift in Sources */,
				4CBDF2D42AE2869D00C7D94C /* String+Utils.swift in Sources */,
				4CBDF2D52AE2869D00C7D94C /* ORLib.swift in Sources */,
				4CBDF2D62AE2869D00C7D94C /* ConfigManager.swift in Sources */,
			);
			runOnlyForDeploymentPostprocessing = 0;
		};
		91A9A8EC28BF6A3300DF8928 /* Sources */ = {
			isa = PBXSourcesBuildPhase;
			buildActionMask = 2147483647;
			files = (
				91A9A90128BF6EA000DF8928 /* FileApiManager.swift in Sources */,
				91A9A8F328BF6A3300DF8928 /* Tests.swift in Sources */,
				91A9A8FB28BF6A4900DF8928 /* ConfigManagerTest.swift in Sources */,
				91AA79F328D628E9005B9913 /* Fixture.swift in Sources */,
			);
			runOnlyForDeploymentPostprocessing = 0;
		};
/* End PBXSourcesBuildPhase section */

/* Begin XCBuildConfiguration section */
		4CBDF2AE2AE285E400C7D94C /* Debug */ = {
			isa = XCBuildConfiguration;
			baseConfigurationReference = 6D810B7A4C47B5174F44A8CE /* Pods-ORLib.debug.xcconfig */;
			buildSettings = {
				ASSETCATALOG_COMPILER_GENERATE_SWIFT_ASSET_SYMBOL_EXTENSIONS = YES;
				CLANG_CXX_LANGUAGE_STANDARD = "gnu++20";
				CODE_SIGN_STYLE = Automatic;
				CURRENT_PROJECT_VERSION = 1;
				DEFINES_MODULE = YES;
				DEVELOPMENT_TEAM = 4AC88KZHJZ;
				DYLIB_COMPATIBILITY_VERSION = 1;
				DYLIB_CURRENT_VERSION = 1;
				DYLIB_INSTALL_NAME_BASE = "@rpath";
				ENABLE_MODULE_VERIFIER = YES;
				ENABLE_USER_SCRIPT_SANDBOXING = YES;
				GCC_C_LANGUAGE_STANDARD = gnu17;
				GENERATE_INFOPLIST_FILE = YES;
				INFOPLIST_KEY_NSHumanReadableCopyright = "";
				INSTALL_PATH = "$(LOCAL_LIBRARY_DIR)/Frameworks";
				IPHONEOS_DEPLOYMENT_TARGET = 14.0;
				LD_RUNPATH_SEARCH_PATHS = (
					"$(inherited)",
					"@executable_path/Frameworks",
					"@loader_path/Frameworks",
				);
				LOCALIZATION_PREFERS_STRING_CATALOGS = YES;
				MARKETING_VERSION = 1.0;
				MODULE_VERIFIER_SUPPORTED_LANGUAGES = "objective-c objective-c++";
				MODULE_VERIFIER_SUPPORTED_LANGUAGE_STANDARDS = "gnu17 gnu++20";
				PRODUCT_BUNDLE_IDENTIFIER = io.openremote.ORLib;
				PRODUCT_NAME = "$(TARGET_NAME:c99extidentifier)";
				SKIP_INSTALL = YES;
				SWIFT_ACTIVE_COMPILATION_CONDITIONS = "DEBUG $(inherited)";
				SWIFT_EMIT_LOC_STRINGS = YES;
				SWIFT_VERSION = 5.0;
				TARGETED_DEVICE_FAMILY = "1,2";
				VERSIONING_SYSTEM = "apple-generic";
				VERSION_INFO_PREFIX = "";
			};
			name = Debug;
		};
		4CBDF2AF2AE285E400C7D94C /* Release */ = {
			isa = XCBuildConfiguration;
			baseConfigurationReference = F756B4974BD868B38AAE7D31 /* Pods-ORLib.release.xcconfig */;
			buildSettings = {
				ASSETCATALOG_COMPILER_GENERATE_SWIFT_ASSET_SYMBOL_EXTENSIONS = YES;
				CLANG_CXX_LANGUAGE_STANDARD = "gnu++20";
				CODE_SIGN_STYLE = Automatic;
				CURRENT_PROJECT_VERSION = 1;
				DEFINES_MODULE = YES;
				DEVELOPMENT_TEAM = 4AC88KZHJZ;
				DYLIB_COMPATIBILITY_VERSION = 1;
				DYLIB_CURRENT_VERSION = 1;
				DYLIB_INSTALL_NAME_BASE = "@rpath";
				ENABLE_MODULE_VERIFIER = YES;
				ENABLE_USER_SCRIPT_SANDBOXING = YES;
				GCC_C_LANGUAGE_STANDARD = gnu17;
				GENERATE_INFOPLIST_FILE = YES;
				INFOPLIST_KEY_NSHumanReadableCopyright = "";
				INSTALL_PATH = "$(LOCAL_LIBRARY_DIR)/Frameworks";
				IPHONEOS_DEPLOYMENT_TARGET = 14.0;
				LD_RUNPATH_SEARCH_PATHS = (
					"$(inherited)",
					"@executable_path/Frameworks",
					"@loader_path/Frameworks",
				);
				LOCALIZATION_PREFERS_STRING_CATALOGS = YES;
				MARKETING_VERSION = 1.0;
				MODULE_VERIFIER_SUPPORTED_LANGUAGES = "objective-c objective-c++";
				MODULE_VERIFIER_SUPPORTED_LANGUAGE_STANDARDS = "gnu17 gnu++20";
				PRODUCT_BUNDLE_IDENTIFIER = io.openremote.ORLib;
				PRODUCT_NAME = "$(TARGET_NAME:c99extidentifier)";
				SKIP_INSTALL = YES;
				SWIFT_EMIT_LOC_STRINGS = YES;
				SWIFT_VERSION = 5.0;
				TARGETED_DEVICE_FAMILY = "1,2";
				VERSIONING_SYSTEM = "apple-generic";
				VERSION_INFO_PREFIX = "";
			};
			name = Release;
		};
		4CF5D04C27143EEC00D705BE /* Debug */ = {
			isa = XCBuildConfiguration;
			buildSettings = {
				ALWAYS_SEARCH_USER_PATHS = NO;
				CLANG_ANALYZER_NONNULL = YES;
				CLANG_ANALYZER_NUMBER_OBJECT_CONVERSION = YES_AGGRESSIVE;
				CLANG_CXX_LANGUAGE_STANDARD = "gnu++14";
				CLANG_CXX_LIBRARY = "libc++";
				CLANG_ENABLE_MODULES = YES;
				CLANG_ENABLE_OBJC_ARC = YES;
				CLANG_ENABLE_OBJC_WEAK = YES;
				CLANG_WARN_BLOCK_CAPTURE_AUTORELEASING = YES;
				CLANG_WARN_BOOL_CONVERSION = YES;
				CLANG_WARN_COMMA = YES;
				CLANG_WARN_CONSTANT_CONVERSION = YES;
				CLANG_WARN_DEPRECATED_OBJC_IMPLEMENTATIONS = YES;
				CLANG_WARN_DIRECT_OBJC_ISA_USAGE = YES_ERROR;
				CLANG_WARN_DOCUMENTATION_COMMENTS = YES;
				CLANG_WARN_EMPTY_BODY = YES;
				CLANG_WARN_ENUM_CONVERSION = YES;
				CLANG_WARN_INFINITE_RECURSION = YES;
				CLANG_WARN_INT_CONVERSION = YES;
				CLANG_WARN_NON_LITERAL_NULL_CONVERSION = YES;
				CLANG_WARN_OBJC_IMPLICIT_RETAIN_SELF = YES;
				CLANG_WARN_OBJC_LITERAL_CONVERSION = YES;
				CLANG_WARN_OBJC_ROOT_CLASS = YES_ERROR;
				CLANG_WARN_QUOTED_INCLUDE_IN_FRAMEWORK_HEADER = YES;
				CLANG_WARN_RANGE_LOOP_ANALYSIS = YES;
				CLANG_WARN_STRICT_PROTOTYPES = YES;
				CLANG_WARN_SUSPICIOUS_MOVE = YES;
				CLANG_WARN_UNGUARDED_AVAILABILITY = YES_AGGRESSIVE;
				CLANG_WARN_UNREACHABLE_CODE = YES;
				CLANG_WARN__DUPLICATE_METHOD_MATCH = YES;
				COPY_PHASE_STRIP = NO;
				DEBUG_INFORMATION_FORMAT = dwarf;
				ENABLE_STRICT_OBJC_MSGSEND = YES;
				ENABLE_TESTABILITY = YES;
				GCC_C_LANGUAGE_STANDARD = gnu11;
				GCC_DYNAMIC_NO_PIC = NO;
				GCC_NO_COMMON_BLOCKS = YES;
				GCC_OPTIMIZATION_LEVEL = 0;
				GCC_PREPROCESSOR_DEFINITIONS = (
					"DEBUG=1",
					"$(inherited)",
				);
				GCC_WARN_64_TO_32_BIT_CONVERSION = YES;
				GCC_WARN_ABOUT_RETURN_TYPE = YES_ERROR;
				GCC_WARN_UNDECLARED_SELECTOR = YES;
				GCC_WARN_UNINITIALIZED_AUTOS = YES_AGGRESSIVE;
				GCC_WARN_UNUSED_FUNCTION = YES;
				GCC_WARN_UNUSED_VARIABLE = YES;
				IPHONEOS_DEPLOYMENT_TARGET = 14.0;
				MTL_ENABLE_DEBUG_INFO = INCLUDE_SOURCE;
				MTL_FAST_MATH = YES;
				ONLY_ACTIVE_ARCH = YES;
				OTHER_LDFLAGS = "$(inherited)";
				SDKROOT = iphoneos;
				SWIFT_ACTIVE_COMPILATION_CONDITIONS = DEBUG;
				SWIFT_OPTIMIZATION_LEVEL = "-Onone";
			};
			name = Debug;
		};
		4CF5D04D27143EEC00D705BE /* Release */ = {
			isa = XCBuildConfiguration;
			buildSettings = {
				ALWAYS_SEARCH_USER_PATHS = NO;
				CLANG_ANALYZER_NONNULL = YES;
				CLANG_ANALYZER_NUMBER_OBJECT_CONVERSION = YES_AGGRESSIVE;
				CLANG_CXX_LANGUAGE_STANDARD = "gnu++14";
				CLANG_CXX_LIBRARY = "libc++";
				CLANG_ENABLE_MODULES = YES;
				CLANG_ENABLE_OBJC_ARC = YES;
				CLANG_ENABLE_OBJC_WEAK = YES;
				CLANG_WARN_BLOCK_CAPTURE_AUTORELEASING = YES;
				CLANG_WARN_BOOL_CONVERSION = YES;
				CLANG_WARN_COMMA = YES;
				CLANG_WARN_CONSTANT_CONVERSION = YES;
				CLANG_WARN_DEPRECATED_OBJC_IMPLEMENTATIONS = YES;
				CLANG_WARN_DIRECT_OBJC_ISA_USAGE = YES_ERROR;
				CLANG_WARN_DOCUMENTATION_COMMENTS = YES;
				CLANG_WARN_EMPTY_BODY = YES;
				CLANG_WARN_ENUM_CONVERSION = YES;
				CLANG_WARN_INFINITE_RECURSION = YES;
				CLANG_WARN_INT_CONVERSION = YES;
				CLANG_WARN_NON_LITERAL_NULL_CONVERSION = YES;
				CLANG_WARN_OBJC_IMPLICIT_RETAIN_SELF = YES;
				CLANG_WARN_OBJC_LITERAL_CONVERSION = YES;
				CLANG_WARN_OBJC_ROOT_CLASS = YES_ERROR;
				CLANG_WARN_QUOTED_INCLUDE_IN_FRAMEWORK_HEADER = YES;
				CLANG_WARN_RANGE_LOOP_ANALYSIS = YES;
				CLANG_WARN_STRICT_PROTOTYPES = YES;
				CLANG_WARN_SUSPICIOUS_MOVE = YES;
				CLANG_WARN_UNGUARDED_AVAILABILITY = YES_AGGRESSIVE;
				CLANG_WARN_UNREACHABLE_CODE = YES;
				CLANG_WARN__DUPLICATE_METHOD_MATCH = YES;
				COPY_PHASE_STRIP = NO;
				DEBUG_INFORMATION_FORMAT = "dwarf-with-dsym";
				ENABLE_NS_ASSERTIONS = NO;
				ENABLE_STRICT_OBJC_MSGSEND = YES;
				GCC_C_LANGUAGE_STANDARD = gnu11;
				GCC_NO_COMMON_BLOCKS = YES;
				GCC_WARN_64_TO_32_BIT_CONVERSION = YES;
				GCC_WARN_ABOUT_RETURN_TYPE = YES_ERROR;
				GCC_WARN_UNDECLARED_SELECTOR = YES;
				GCC_WARN_UNINITIALIZED_AUTOS = YES_AGGRESSIVE;
				GCC_WARN_UNUSED_FUNCTION = YES;
				GCC_WARN_UNUSED_VARIABLE = YES;
				IPHONEOS_DEPLOYMENT_TARGET = 14.0;
				MTL_ENABLE_DEBUG_INFO = NO;
				MTL_FAST_MATH = YES;
				OTHER_LDFLAGS = "$(inherited)";
				SDKROOT = iphoneos;
				SWIFT_COMPILATION_MODE = wholemodule;
				SWIFT_OPTIMIZATION_LEVEL = "-O";
				VALIDATE_PRODUCT = YES;
			};
			name = Release;
		};
		91A9A8F828BF6A3300DF8928 /* Debug */ = {
			isa = XCBuildConfiguration;
			buildSettings = {
				CLANG_CXX_LANGUAGE_STANDARD = "gnu++17";
				CODE_SIGN_STYLE = Automatic;
				CURRENT_PROJECT_VERSION = 1;
				DEVELOPMENT_TEAM = 4AC88KZHJZ;
				GENERATE_INFOPLIST_FILE = YES;
				IPHONEOS_DEPLOYMENT_TARGET = 15.5;
				MARKETING_VERSION = 1.0;
				PRODUCT_BUNDLE_IDENTIFIER = io.openremote.Tests;
				PRODUCT_NAME = "$(TARGET_NAME)";
				SWIFT_EMIT_LOC_STRINGS = NO;
				SWIFT_VERSION = 5.0;
				TARGETED_DEVICE_FAMILY = "1,2";
			};
			name = Debug;
		};
		91A9A8F928BF6A3300DF8928 /* Release */ = {
			isa = XCBuildConfiguration;
			buildSettings = {
				CLANG_CXX_LANGUAGE_STANDARD = "gnu++17";
				CODE_SIGN_STYLE = Automatic;
				CURRENT_PROJECT_VERSION = 1;
				DEVELOPMENT_TEAM = 4AC88KZHJZ;
				GENERATE_INFOPLIST_FILE = YES;
				IPHONEOS_DEPLOYMENT_TARGET = 15.5;
				MARKETING_VERSION = 1.0;
				PRODUCT_BUNDLE_IDENTIFIER = io.openremote.Tests;
				PRODUCT_NAME = "$(TARGET_NAME)";
				SWIFT_EMIT_LOC_STRINGS = NO;
				SWIFT_VERSION = 5.0;
				TARGETED_DEVICE_FAMILY = "1,2";
			};
			name = Release;
		};
/* End XCBuildConfiguration section */

/* Begin XCConfigurationList section */
		4CBDF2B02AE285E400C7D94C /* Build configuration list for PBXNativeTarget "ORLib" */ = {
			isa = XCConfigurationList;
			buildConfigurations = (
				4CBDF2AE2AE285E400C7D94C /* Debug */,
				4CBDF2AF2AE285E400C7D94C /* Release */,
			);
			defaultConfigurationIsVisible = 0;
			defaultConfigurationName = Release;
		};
		4CF5D04227143EEC00D705BE /* Build configuration list for PBXProject "ORLib" */ = {
			isa = XCConfigurationList;
			buildConfigurations = (
				4CF5D04C27143EEC00D705BE /* Debug */,
				4CF5D04D27143EEC00D705BE /* Release */,
			);
			defaultConfigurationIsVisible = 0;
			defaultConfigurationName = Release;
		};
		91A9A8F728BF6A3300DF8928 /* Build configuration list for PBXNativeTarget "Tests" */ = {
			isa = XCConfigurationList;
			buildConfigurations = (
				91A9A8F828BF6A3300DF8928 /* Debug */,
				91A9A8F928BF6A3300DF8928 /* Release */,
			);
			defaultConfigurationIsVisible = 0;
			defaultConfigurationName = Release;
		};
/* End XCConfigurationList section */
	};
	rootObject = 4CF5D03F27143EEC00D705BE /* Project object */;
}
