// !$*UTF8*$!
{
	archiveVersion = 1;
	classes = {
	};
	objectVersion = 50;
	objects = {

/* Begin PBXBuildFile section */
		4C0E4A10274BDCE0008CB352 /* ScannerOverlayPreviewLayer.swift in Sources */ = {isa = PBXBuildFile; fileRef = 4C0E4A0F274BDCE0008CB352 /* ScannerOverlayPreviewLayer.swift */; };
		4C0E4A12274BE411008CB352 /* QrScannerProvider.swift in Sources */ = {isa = PBXBuildFile; fileRef = 4C0E4A11274BE411008CB352 /* QrScannerProvider.swift */; };
		4C2CE794274BB48500416B1A /* QrScannerViewController.swift in Sources */ = {isa = PBXBuildFile; fileRef = 4C2CE793274BB48500416B1A /* QrScannerViewController.swift */; };
		4CF5D04B27143EEC00D705BE /* ORLib.swift in Sources */ = {isa = PBXBuildFile; fileRef = 4CF5D04A27143EEC00D705BE /* ORLib.swift */; };
		4CF5D06927143F2000D705BE /* StorageProvider.swift in Sources */ = {isa = PBXBuildFile; fileRef = 4CF5D05227143F1F00D705BE /* StorageProvider.swift */; };
		4CF5D06A27143F2000D705BE /* GeofenceProvider.swift in Sources */ = {isa = PBXBuildFile; fileRef = 4CF5D05327143F1F00D705BE /* GeofenceProvider.swift */; };
		4CF5D06B27143F2000D705BE /* PushNotificationProvider.swift in Sources */ = {isa = PBXBuildFile; fileRef = 4CF5D05427143F1F00D705BE /* PushNotificationProvider.swift */; };
		4CF5D06D27143F2000D705BE /* ORTextInput.swift in Sources */ = {isa = PBXBuildFile; fileRef = 4CF5D05727143F1F00D705BE /* ORTextInput.swift */; };
		4CF5D06E27143F2000D705BE /* ORViewController.swift in Sources */ = {isa = PBXBuildFile; fileRef = 4CF5D05827143F1F00D705BE /* ORViewController.swift */; };
		4CF5D07027143F2000D705BE /* ErrorManager.swift in Sources */ = {isa = PBXBuildFile; fileRef = 4CF5D05A27143F1F00D705BE /* ErrorManager.swift */; };
		4CF5D07127143F2000D705BE /* Constants.swift in Sources */ = {isa = PBXBuildFile; fileRef = 4CF5D05C27143F1F00D705BE /* Constants.swift */; };
		4CF5D07227143F2000D705BE /* Window+Utils.swift in Sources */ = {isa = PBXBuildFile; fileRef = 4CF5D05D27143F1F00D705BE /* Window+Utils.swift */; };
		4CF5D07327143F2000D705BE /* UIColor+Utils.swift in Sources */ = {isa = PBXBuildFile; fileRef = 4CF5D05E27143F1F00D705BE /* UIColor+Utils.swift */; };
		4CF5D07427143F2000D705BE /* Reachability.swift in Sources */ = {isa = PBXBuildFile; fileRef = 4CF5D05F27143F1F00D705BE /* Reachability.swift */; };
		4CF5D07527143F2000D705BE /* String+Utils.swift in Sources */ = {isa = PBXBuildFile; fileRef = 4CF5D06027143F1F00D705BE /* String+Utils.swift */; };
		4CF5D07627143F2000D705BE /* ORAppConfig.swift in Sources */ = {isa = PBXBuildFile; fileRef = 4CF5D06227143F1F00D705BE /* ORAppConfig.swift */; };
		4CF5D07727143F2000D705BE /* ORLinkConfig.swift in Sources */ = {isa = PBXBuildFile; fileRef = 4CF5D06327143F1F00D705BE /* ORLinkConfig.swift */; };
		4CF5D07827143F2000D705BE /* ORPushNotificationButton.swift in Sources */ = {isa = PBXBuildFile; fileRef = 4CF5D06427143F1F00D705BE /* ORPushNotificationButton.swift */; };
		4CF5D07927143F2000D705BE /* ORPushNotificationAction.swift in Sources */ = {isa = PBXBuildFile; fileRef = 4CF5D06527143F1F00D705BE /* ORPushNotificationAction.swift */; };
		4CF5D07A27143F2000D705BE /* ORNotificationResource.swift in Sources */ = {isa = PBXBuildFile; fileRef = 4CF5D06727143F1F00D705BE /* ORNotificationResource.swift */; };
		4CF5D07B27143F2000D705BE /* ApiManager.swift in Sources */ = {isa = PBXBuildFile; fileRef = 4CF5D06827143F1F00D705BE /* ApiManager.swift */; };
		ABD81191A88B3D7A8B2E66B6 /* Pods_ORLib.framework in Frameworks */ = {isa = PBXBuildFile; fileRef = 41E56A0D7E49334C15A35CB4 /* Pods_ORLib.framework */; };
/* End PBXBuildFile section */

/* Begin PBXCopyFilesBuildPhase section */
		4CF5D04527143EEC00D705BE /* CopyFiles */ = {
			isa = PBXCopyFilesBuildPhase;
			buildActionMask = 2147483647;
			dstPath = "include/$(PRODUCT_NAME)";
			dstSubfolderSpec = 16;
			files = (
			);
			runOnlyForDeploymentPostprocessing = 0;
		};
/* End PBXCopyFilesBuildPhase section */

/* Begin PBXFileReference section */
		37A59C1C5EEB5A3027F557D0 /* Pods-ORLib.release.xcconfig */ = {isa = PBXFileReference; includeInIndex = 1; lastKnownFileType = text.xcconfig; name = "Pods-ORLib.release.xcconfig"; path = "../../../michael/Documents/Projects/OpenRemote/k2/console/iOS/K2/Pods/Target Support Files/Pods-ORLib/Pods-ORLib.release.xcconfig"; sourceTree = "<group>"; };
		3F2140D7DCE68D42273B346B /* Pods-ORLib.debug.xcconfig */ = {isa = PBXFileReference; includeInIndex = 1; lastKnownFileType = text.xcconfig; name = "Pods-ORLib.debug.xcconfig"; path = "../../../michael/Documents/Projects/OpenRemote/k2/console/iOS/K2/Pods/Target Support Files/Pods-ORLib/Pods-ORLib.debug.xcconfig"; sourceTree = "<group>"; };
		41E56A0D7E49334C15A35CB4 /* Pods_ORLib.framework */ = {isa = PBXFileReference; explicitFileType = wrapper.framework; includeInIndex = 0; path = Pods_ORLib.framework; sourceTree = BUILT_PRODUCTS_DIR; };
		4C0E4A0F274BDCE0008CB352 /* ScannerOverlayPreviewLayer.swift */ = {isa = PBXFileReference; lastKnownFileType = sourcecode.swift; path = ScannerOverlayPreviewLayer.swift; sourceTree = "<group>"; };
		4C0E4A11274BE411008CB352 /* QrScannerProvider.swift */ = {isa = PBXFileReference; lastKnownFileType = sourcecode.swift; path = QrScannerProvider.swift; sourceTree = "<group>"; };
		4C2CE793274BB48500416B1A /* QrScannerViewController.swift */ = {isa = PBXFileReference; lastKnownFileType = sourcecode.swift; path = QrScannerViewController.swift; sourceTree = "<group>"; };
		4CF5D04727143EEC00D705BE /* libORLib.a */ = {isa = PBXFileReference; explicitFileType = archive.ar; includeInIndex = 0; path = libORLib.a; sourceTree = BUILT_PRODUCTS_DIR; };
		4CF5D04A27143EEC00D705BE /* ORLib.swift */ = {isa = PBXFileReference; lastKnownFileType = sourcecode.swift; path = ORLib.swift; sourceTree = "<group>"; };
		4CF5D05227143F1F00D705BE /* StorageProvider.swift */ = {isa = PBXFileReference; fileEncoding = 4; lastKnownFileType = sourcecode.swift; path = StorageProvider.swift; sourceTree = "<group>"; };
		4CF5D05327143F1F00D705BE /* GeofenceProvider.swift */ = {isa = PBXFileReference; fileEncoding = 4; lastKnownFileType = sourcecode.swift; path = GeofenceProvider.swift; sourceTree = "<group>"; };
		4CF5D05427143F1F00D705BE /* PushNotificationProvider.swift */ = {isa = PBXFileReference; fileEncoding = 4; lastKnownFileType = sourcecode.swift; path = PushNotificationProvider.swift; sourceTree = "<group>"; };
		4CF5D05727143F1F00D705BE /* ORTextInput.swift */ = {isa = PBXFileReference; fileEncoding = 4; lastKnownFileType = sourcecode.swift; path = ORTextInput.swift; sourceTree = "<group>"; };
		4CF5D05827143F1F00D705BE /* ORViewController.swift */ = {isa = PBXFileReference; fileEncoding = 4; lastKnownFileType = sourcecode.swift; path = ORViewController.swift; sourceTree = "<group>"; };
		4CF5D05A27143F1F00D705BE /* ErrorManager.swift */ = {isa = PBXFileReference; fileEncoding = 4; lastKnownFileType = sourcecode.swift; path = ErrorManager.swift; sourceTree = "<group>"; };
		4CF5D05C27143F1F00D705BE /* Constants.swift */ = {isa = PBXFileReference; fileEncoding = 4; lastKnownFileType = sourcecode.swift; path = Constants.swift; sourceTree = "<group>"; };
		4CF5D05D27143F1F00D705BE /* Window+Utils.swift */ = {isa = PBXFileReference; fileEncoding = 4; lastKnownFileType = sourcecode.swift; path = "Window+Utils.swift"; sourceTree = "<group>"; };
		4CF5D05E27143F1F00D705BE /* UIColor+Utils.swift */ = {isa = PBXFileReference; fileEncoding = 4; lastKnownFileType = sourcecode.swift; path = "UIColor+Utils.swift"; sourceTree = "<group>"; };
		4CF5D05F27143F1F00D705BE /* Reachability.swift */ = {isa = PBXFileReference; fileEncoding = 4; lastKnownFileType = sourcecode.swift; path = Reachability.swift; sourceTree = "<group>"; };
		4CF5D06027143F1F00D705BE /* String+Utils.swift */ = {isa = PBXFileReference; fileEncoding = 4; lastKnownFileType = sourcecode.swift; path = "String+Utils.swift"; sourceTree = "<group>"; };
		4CF5D06227143F1F00D705BE /* ORAppConfig.swift */ = {isa = PBXFileReference; fileEncoding = 4; lastKnownFileType = sourcecode.swift; path = ORAppConfig.swift; sourceTree = "<group>"; };
		4CF5D06327143F1F00D705BE /* ORLinkConfig.swift */ = {isa = PBXFileReference; fileEncoding = 4; lastKnownFileType = sourcecode.swift; path = ORLinkConfig.swift; sourceTree = "<group>"; };
		4CF5D06427143F1F00D705BE /* ORPushNotificationButton.swift */ = {isa = PBXFileReference; fileEncoding = 4; lastKnownFileType = sourcecode.swift; path = ORPushNotificationButton.swift; sourceTree = "<group>"; };
		4CF5D06527143F1F00D705BE /* ORPushNotificationAction.swift */ = {isa = PBXFileReference; fileEncoding = 4; lastKnownFileType = sourcecode.swift; path = ORPushNotificationAction.swift; sourceTree = "<group>"; };
		4CF5D06727143F1F00D705BE /* ORNotificationResource.swift */ = {isa = PBXFileReference; fileEncoding = 4; lastKnownFileType = sourcecode.swift; path = ORNotificationResource.swift; sourceTree = "<group>"; };
		4CF5D06827143F1F00D705BE /* ApiManager.swift */ = {isa = PBXFileReference; fileEncoding = 4; lastKnownFileType = sourcecode.swift; path = ApiManager.swift; sourceTree = "<group>"; };
/* End PBXFileReference section */

/* Begin PBXFrameworksBuildPhase section */
		4CF5D04427143EEC00D705BE /* Frameworks */ = {
			isa = PBXFrameworksBuildPhase;
			buildActionMask = 2147483647;
			files = (
				ABD81191A88B3D7A8B2E66B6 /* Pods_ORLib.framework in Frameworks */,
			);
			runOnlyForDeploymentPostprocessing = 0;
		};
/* End PBXFrameworksBuildPhase section */

/* Begin PBXGroup section */
		15E46D9A67E43A8180E89721 /* Pods */ = {
			isa = PBXGroup;
			children = (
				3F2140D7DCE68D42273B346B /* Pods-ORLib.debug.xcconfig */,
				37A59C1C5EEB5A3027F557D0 /* Pods-ORLib.release.xcconfig */,
			);
			name = Pods;
			path = ../../../../../../../../../Desktop/K2/Pods;
			sourceTree = "<group>";
		};
		4CF5D03E27143EEB00D705BE = {
			isa = PBXGroup;
			children = (
				4CF5D04927143EEC00D705BE /* ORLib */,
				4CF5D04827143EEC00D705BE /* Products */,
				15E46D9A67E43A8180E89721 /* Pods */,
				717C35290053DAF6024CFEA7 /* Frameworks */,
			);
			sourceTree = "<group>";
		};
		4CF5D04827143EEC00D705BE /* Products */ = {
			isa = PBXGroup;
			children = (
				4CF5D04727143EEC00D705BE /* libORLib.a */,
			);
			name = Products;
			sourceTree = "<group>";
		};
		4CF5D04927143EEC00D705BE /* ORLib */ = {
			isa = PBXGroup;
			children = (
				4CF5D05127143F1F00D705BE /* ConsoleProviders */,
				4CF5D06127143F1F00D705BE /* Models */,
				4CF5D06627143F1F00D705BE /* Network */,
				4CF5D05527143F1F00D705BE /* UI */,
				4CF5D05B27143F1F00D705BE /* Utils */,
				4CF5D04A27143EEC00D705BE /* ORLib.swift */,
			);
			path = ORLib;
			sourceTree = "<group>";
		};
		4CF5D05127143F1F00D705BE /* ConsoleProviders */ = {
			isa = PBXGroup;
			children = (
				4CF5D05227143F1F00D705BE /* StorageProvider.swift */,
				4CF5D05327143F1F00D705BE /* GeofenceProvider.swift */,
				4CF5D05427143F1F00D705BE /* PushNotificationProvider.swift */,
				4C0E4A11274BE411008CB352 /* QrScannerProvider.swift */,
			);
			path = ConsoleProviders;
			sourceTree = "<group>";
		};
		4CF5D05527143F1F00D705BE /* UI */ = {
			isa = PBXGroup;
			children = (
				4CF5D05727143F1F00D705BE /* ORTextInput.swift */,
				4CF5D05827143F1F00D705BE /* ORViewController.swift */,
				4CF5D05A27143F1F00D705BE /* ErrorManager.swift */,
				4C2CE793274BB48500416B1A /* QrScannerViewController.swift */,
				4C0E4A0F274BDCE0008CB352 /* ScannerOverlayPreviewLayer.swift */,
			);
			path = UI;
			sourceTree = "<group>";
		};
		4CF5D05B27143F1F00D705BE /* Utils */ = {
			isa = PBXGroup;
			children = (
				4CF5D05C27143F1F00D705BE /* Constants.swift */,
				4CF5D05D27143F1F00D705BE /* Window+Utils.swift */,
				4CF5D05E27143F1F00D705BE /* UIColor+Utils.swift */,
				4CF5D05F27143F1F00D705BE /* Reachability.swift */,
				4CF5D06027143F1F00D705BE /* String+Utils.swift */,
			);
			path = Utils;
			sourceTree = "<group>";
		};
		4CF5D06127143F1F00D705BE /* Models */ = {
			isa = PBXGroup;
			children = (
				4CF5D06227143F1F00D705BE /* ORAppConfig.swift */,
				4CF5D06327143F1F00D705BE /* ORLinkConfig.swift */,
				4CF5D06427143F1F00D705BE /* ORPushNotificationButton.swift */,
				4CF5D06527143F1F00D705BE /* ORPushNotificationAction.swift */,
			);
			path = Models;
			sourceTree = "<group>";
		};
		4CF5D06627143F1F00D705BE /* Network */ = {
			isa = PBXGroup;
			children = (
				4CF5D06727143F1F00D705BE /* ORNotificationResource.swift */,
				4CF5D06827143F1F00D705BE /* ApiManager.swift */,
			);
			path = Network;
			sourceTree = "<group>";
		};
		717C35290053DAF6024CFEA7 /* Frameworks */ = {
			isa = PBXGroup;
			children = (
				41E56A0D7E49334C15A35CB4 /* Pods_ORLib.framework */,
			);
			name = Frameworks;
			sourceTree = "<group>";
		};
/* End PBXGroup section */

/* Begin PBXNativeTarget section */
		4CF5D04627143EEC00D705BE /* ORLib */ = {
			isa = PBXNativeTarget;
			buildConfigurationList = 4CF5D04E27143EEC00D705BE /* Build configuration list for PBXNativeTarget "ORLib" */;
			buildPhases = (
				8FD1291A07546E0F98084666 /* [CP] Check Pods Manifest.lock */,
				4CF5D04327143EEC00D705BE /* Sources */,
				4CF5D04427143EEC00D705BE /* Frameworks */,
				4CF5D04527143EEC00D705BE /* CopyFiles */,
			);
			buildRules = (
			);
			dependencies = (
			);
			name = ORLib;
			productName = ORLib;
			productReference = 4CF5D04727143EEC00D705BE /* libORLib.a */;
			productType = "com.apple.product-type.library.static";
		};
/* End PBXNativeTarget section */

/* Begin PBXProject section */
		4CF5D03F27143EEC00D705BE /* Project object */ = {
			isa = PBXProject;
			attributes = {
				LastSwiftUpdateCheck = 1250;
				LastUpgradeCheck = 1250;
				TargetAttributes = {
					4CF5D04627143EEC00D705BE = {
						CreatedOnToolsVersion = 12.5.1;
					};
				};
			};
			buildConfigurationList = 4CF5D04227143EEC00D705BE /* Build configuration list for PBXProject "ORLib" */;
			compatibilityVersion = "Xcode 9.3";
			developmentRegion = en;
			hasScannedForEncodings = 0;
			knownRegions = (
				en,
				Base,
			);
			mainGroup = 4CF5D03E27143EEB00D705BE;
			productRefGroup = 4CF5D04827143EEC00D705BE /* Products */;
			projectDirPath = "";
			projectRoot = "";
			targets = (
				4CF5D04627143EEC00D705BE /* ORLib */,
			);
		};
/* End PBXProject section */

/* Begin PBXShellScriptBuildPhase section */
		8FD1291A07546E0F98084666 /* [CP] Check Pods Manifest.lock */ = {
			isa = PBXShellScriptBuildPhase;
			buildActionMask = 2147483647;
			files = (
			);
			inputFileListPaths = (
			);
			inputPaths = (
				"${PODS_PODFILE_DIR_PATH}/Podfile.lock",
				"${PODS_ROOT}/Manifest.lock",
			);
			name = "[CP] Check Pods Manifest.lock";
			outputFileListPaths = (
			);
			outputPaths = (
				"$(DERIVED_FILE_DIR)/Pods-ORLib-checkManifestLockResult.txt",
			);
			runOnlyForDeploymentPostprocessing = 0;
			shellPath = /bin/sh;
			shellScript = "diff \"${PODS_PODFILE_DIR_PATH}/Podfile.lock\" \"${PODS_ROOT}/Manifest.lock\" > /dev/null\nif [ $? != 0 ] ; then\n    # print error to STDERR\n    echo \"error: The sandbox is not in sync with the Podfile.lock. Run 'pod install' or update your CocoaPods installation.\" >&2\n    exit 1\nfi\n# This output is used by Xcode 'outputs' to avoid re-running this script phase.\necho \"SUCCESS\" > \"${SCRIPT_OUTPUT_FILE_0}\"\n";
			showEnvVarsInLog = 0;
		};
/* End PBXShellScriptBuildPhase section */

/* Begin PBXSourcesBuildPhase section */
		4CF5D04327143EEC00D705BE /* Sources */ = {
			isa = PBXSourcesBuildPhase;
			buildActionMask = 2147483647;
			files = (
				4CF5D07027143F2000D705BE /* ErrorManager.swift in Sources */,
				4CF5D07227143F2000D705BE /* Window+Utils.swift in Sources */,
				4C0E4A12274BE411008CB352 /* QrScannerProvider.swift in Sources */,
				4CF5D07727143F2000D705BE /* ORLinkConfig.swift in Sources */,
				4C2CE794274BB48500416B1A /* QrScannerViewController.swift in Sources */,
				4CF5D06E27143F2000D705BE /* ORViewController.swift in Sources */,
				4CF5D07327143F2000D705BE /* UIColor+Utils.swift in Sources */,
				4CF5D06D27143F2000D705BE /* ORTextInput.swift in Sources */,
				4CF5D07A27143F2000D705BE /* ORNotificationResource.swift in Sources */,
				4CF5D07827143F2000D705BE /* ORPushNotificationButton.swift in Sources */,
				4CF5D06A27143F2000D705BE /* GeofenceProvider.swift in Sources */,
				4CF5D06927143F2000D705BE /* StorageProvider.swift in Sources */,
				4CF5D07127143F2000D705BE /* Constants.swift in Sources */,
				4CF5D07B27143F2000D705BE /* ApiManager.swift in Sources */,
				4CF5D04B27143EEC00D705BE /* ORLib.swift in Sources */,
				4CF5D06B27143F2000D705BE /* PushNotificationProvider.swift in Sources */,
				4CF5D07527143F2000D705BE /* String+Utils.swift in Sources */,
				4C0E4A10274BDCE0008CB352 /* ScannerOverlayPreviewLayer.swift in Sources */,
				4CF5D07427143F2000D705BE /* Reachability.swift in Sources */,
				4CF5D07627143F2000D705BE /* ORAppConfig.swift in Sources */,
				4CF5D07927143F2000D705BE /* ORPushNotificationAction.swift in Sources */,
			);
			runOnlyForDeploymentPostprocessing = 0;
		};
/* End PBXSourcesBuildPhase section */

/* Begin XCBuildConfiguration section */
		4CF5D04C27143EEC00D705BE /* Debug */ = {
			isa = XCBuildConfiguration;
			buildSettings = {
				ALWAYS_SEARCH_USER_PATHS = NO;
				CLANG_ANALYZER_NONNULL = YES;
				CLANG_ANALYZER_NUMBER_OBJECT_CONVERSION = YES_AGGRESSIVE;
				CLANG_CXX_LANGUAGE_STANDARD = "gnu++14";
				CLANG_CXX_LIBRARY = "libc++";
				CLANG_ENABLE_MODULES = YES;
				CLANG_ENABLE_OBJC_ARC = YES;
				CLANG_ENABLE_OBJC_WEAK = YES;
				CLANG_WARN_BLOCK_CAPTURE_AUTORELEASING = YES;
				CLANG_WARN_BOOL_CONVERSION = YES;
				CLANG_WARN_COMMA = YES;
				CLANG_WARN_CONSTANT_CONVERSION = YES;
				CLANG_WARN_DEPRECATED_OBJC_IMPLEMENTATIONS = YES;
				CLANG_WARN_DIRECT_OBJC_ISA_USAGE = YES_ERROR;
				CLANG_WARN_DOCUMENTATION_COMMENTS = YES;
				CLANG_WARN_EMPTY_BODY = YES;
				CLANG_WARN_ENUM_CONVERSION = YES;
				CLANG_WARN_INFINITE_RECURSION = YES;
				CLANG_WARN_INT_CONVERSION = YES;
				CLANG_WARN_NON_LITERAL_NULL_CONVERSION = YES;
				CLANG_WARN_OBJC_IMPLICIT_RETAIN_SELF = YES;
				CLANG_WARN_OBJC_LITERAL_CONVERSION = YES;
				CLANG_WARN_OBJC_ROOT_CLASS = YES_ERROR;
				CLANG_WARN_QUOTED_INCLUDE_IN_FRAMEWORK_HEADER = YES;
				CLANG_WARN_RANGE_LOOP_ANALYSIS = YES;
				CLANG_WARN_STRICT_PROTOTYPES = YES;
				CLANG_WARN_SUSPICIOUS_MOVE = YES;
				CLANG_WARN_UNGUARDED_AVAILABILITY = YES_AGGRESSIVE;
				CLANG_WARN_UNREACHABLE_CODE = YES;
				CLANG_WARN__DUPLICATE_METHOD_MATCH = YES;
				COPY_PHASE_STRIP = NO;
				DEBUG_INFORMATION_FORMAT = dwarf;
				ENABLE_STRICT_OBJC_MSGSEND = YES;
				ENABLE_TESTABILITY = YES;
				GCC_C_LANGUAGE_STANDARD = gnu11;
				GCC_DYNAMIC_NO_PIC = NO;
				GCC_NO_COMMON_BLOCKS = YES;
				GCC_OPTIMIZATION_LEVEL = 0;
				GCC_PREPROCESSOR_DEFINITIONS = (
					"DEBUG=1",
					"$(inherited)",
				);
				GCC_WARN_64_TO_32_BIT_CONVERSION = YES;
				GCC_WARN_ABOUT_RETURN_TYPE = YES_ERROR;
				GCC_WARN_UNDECLARED_SELECTOR = YES;
				GCC_WARN_UNINITIALIZED_AUTOS = YES_AGGRESSIVE;
				GCC_WARN_UNUSED_FUNCTION = YES;
				GCC_WARN_UNUSED_VARIABLE = YES;
				IPHONEOS_DEPLOYMENT_TARGET = 13.2;
				MTL_ENABLE_DEBUG_INFO = INCLUDE_SOURCE;
				MTL_FAST_MATH = YES;
				ONLY_ACTIVE_ARCH = YES;
				OTHER_LDFLAGS = "$(inherited)";
				SDKROOT = iphoneos;
				SWIFT_ACTIVE_COMPILATION_CONDITIONS = DEBUG;
				SWIFT_OPTIMIZATION_LEVEL = "-Onone";
			};
			name = Debug;
		};
		4CF5D04D27143EEC00D705BE /* Release */ = {
			isa = XCBuildConfiguration;
			buildSettings = {
				ALWAYS_SEARCH_USER_PATHS = NO;
				CLANG_ANALYZER_NONNULL = YES;
				CLANG_ANALYZER_NUMBER_OBJECT_CONVERSION = YES_AGGRESSIVE;
				CLANG_CXX_LANGUAGE_STANDARD = "gnu++14";
				CLANG_CXX_LIBRARY = "libc++";
				CLANG_ENABLE_MODULES = YES;
				CLANG_ENABLE_OBJC_ARC = YES;
				CLANG_ENABLE_OBJC_WEAK = YES;
				CLANG_WARN_BLOCK_CAPTURE_AUTORELEASING = YES;
				CLANG_WARN_BOOL_CONVERSION = YES;
				CLANG_WARN_COMMA = YES;
				CLANG_WARN_CONSTANT_CONVERSION = YES;
				CLANG_WARN_DEPRECATED_OBJC_IMPLEMENTATIONS = YES;
				CLANG_WARN_DIRECT_OBJC_ISA_USAGE = YES_ERROR;
				CLANG_WARN_DOCUMENTATION_COMMENTS = YES;
				CLANG_WARN_EMPTY_BODY = YES;
				CLANG_WARN_ENUM_CONVERSION = YES;
				CLANG_WARN_INFINITE_RECURSION = YES;
				CLANG_WARN_INT_CONVERSION = YES;
				CLANG_WARN_NON_LITERAL_NULL_CONVERSION = YES;
				CLANG_WARN_OBJC_IMPLICIT_RETAIN_SELF = YES;
				CLANG_WARN_OBJC_LITERAL_CONVERSION = YES;
				CLANG_WARN_OBJC_ROOT_CLASS = YES_ERROR;
				CLANG_WARN_QUOTED_INCLUDE_IN_FRAMEWORK_HEADER = YES;
				CLANG_WARN_RANGE_LOOP_ANALYSIS = YES;
				CLANG_WARN_STRICT_PROTOTYPES = YES;
				CLANG_WARN_SUSPICIOUS_MOVE = YES;
				CLANG_WARN_UNGUARDED_AVAILABILITY = YES_AGGRESSIVE;
				CLANG_WARN_UNREACHABLE_CODE = YES;
				CLANG_WARN__DUPLICATE_METHOD_MATCH = YES;
				COPY_PHASE_STRIP = NO;
				DEBUG_INFORMATION_FORMAT = "dwarf-with-dsym";
				ENABLE_NS_ASSERTIONS = NO;
				ENABLE_STRICT_OBJC_MSGSEND = YES;
				GCC_C_LANGUAGE_STANDARD = gnu11;
				GCC_NO_COMMON_BLOCKS = YES;
				GCC_WARN_64_TO_32_BIT_CONVERSION = YES;
				GCC_WARN_ABOUT_RETURN_TYPE = YES_ERROR;
				GCC_WARN_UNDECLARED_SELECTOR = YES;
				GCC_WARN_UNINITIALIZED_AUTOS = YES_AGGRESSIVE;
				GCC_WARN_UNUSED_FUNCTION = YES;
				GCC_WARN_UNUSED_VARIABLE = YES;
				IPHONEOS_DEPLOYMENT_TARGET = 13.2;
				MTL_ENABLE_DEBUG_INFO = NO;
				MTL_FAST_MATH = YES;
				OTHER_LDFLAGS = "$(inherited)";
				SDKROOT = iphoneos;
				SWIFT_COMPILATION_MODE = wholemodule;
				SWIFT_OPTIMIZATION_LEVEL = "-O";
				VALIDATE_PRODUCT = YES;
			};
			name = Release;
		};
		4CF5D04F27143EEC00D705BE /* Debug */ = {
			isa = XCBuildConfiguration;
			baseConfigurationReference = 3F2140D7DCE68D42273B346B /* Pods-ORLib.debug.xcconfig */;
			buildSettings = {
				CODE_SIGN_STYLE = Automatic;
				DEVELOPMENT_TEAM = 4AC88KZHJZ;
				OTHER_LDFLAGS = (
					"-ObjC",
					"$(inherited)",
				);
				PRODUCT_NAME = "$(TARGET_NAME)";
				SKIP_INSTALL = YES;
				SWIFT_VERSION = 5.0;
				TARGETED_DEVICE_FAMILY = "1,2";
			};
			name = Debug;
		};
		4CF5D05027143EEC00D705BE /* Release */ = {
			isa = XCBuildConfiguration;
			baseConfigurationReference = 37A59C1C5EEB5A3027F557D0 /* Pods-ORLib.release.xcconfig */;
			buildSettings = {
				CODE_SIGN_STYLE = Automatic;
				DEVELOPMENT_TEAM = 4AC88KZHJZ;
				OTHER_LDFLAGS = (
					"-ObjC",
					"$(inherited)",
				);
				PRODUCT_NAME = "$(TARGET_NAME)";
				SKIP_INSTALL = YES;
				SWIFT_VERSION = 5.0;
				TARGETED_DEVICE_FAMILY = "1,2";
			};
			name = Release;
		};
/* End XCBuildConfiguration section */

/* Begin XCConfigurationList section */
		4CF5D04227143EEC00D705BE /* Build configuration list for PBXProject "ORLib" */ = {
			isa = XCConfigurationList;
			buildConfigurations = (
				4CF5D04C27143EEC00D705BE /* Debug */,
				4CF5D04D27143EEC00D705BE /* Release */,
			);
			defaultConfigurationIsVisible = 0;
			defaultConfigurationName = Release;
		};
		4CF5D04E27143EEC00D705BE /* Build configuration list for PBXNativeTarget "ORLib" */ = {
			isa = XCConfigurationList;
			buildConfigurations = (
				4CF5D04F27143EEC00D705BE /* Debug */,
				4CF5D05027143EEC00D705BE /* Release */,
			);
			defaultConfigurationIsVisible = 0;
			defaultConfigurationName = Release;
		};
/* End XCConfigurationList section */
	};
	rootObject = 4CF5D03F27143EEC00D705BE /* Project object */;
}
