// !$*UTF8*$!
{
	archiveVersion = 1;
	classes = {
	};
	objectVersion = 46;
	objects = {

/* Begin PBXBuildFile section */
		9138737D1E32262400CE92FE /* AppDelegate.swift in Sources */ = {isa = PBXBuildFile; fileRef = 9138737C1E32262400CE92FE /* AppDelegate.swift */; };
		9138737F1E32262400CE92FE /* ViewController.swift in Sources */ = {isa = PBXBuildFile; fileRef = 9138737E1E32262400CE92FE /* ViewController.swift */; };
		913873821E32262400CE92FE /* Main.storyboard in Resources */ = {isa = PBXBuildFile; fileRef = 913873801E32262400CE92FE /* Main.storyboard */; };
		913873841E32262400CE92FE /* Assets.xcassets in Resources */ = {isa = PBXBuildFile; fileRef = 913873831E32262400CE92FE /* Assets.xcassets */; };
		913873871E32262400CE92FE /* LaunchScreen.storyboard in Resources */ = {isa = PBXBuildFile; fileRef = 913873851E32262400CE92FE /* LaunchScreen.storyboard */; };
/* End PBXBuildFile section */

/* Begin PBXFileReference section */
		913873791E32262400CE92FE /* or-shell.app */ = {isa = PBXFileReference; explicitFileType = wrapper.application; includeInIndex = 0; path = "or-shell.app"; sourceTree = BUILT_PRODUCTS_DIR; };
		9138737C1E32262400CE92FE /* AppDelegate.swift */ = {isa = PBXFileReference; lastKnownFileType = sourcecode.swift; path = AppDelegate.swift; sourceTree = "<group>"; };
		9138737E1E32262400CE92FE /* ViewController.swift */ = {isa = PBXFileReference; lastKnownFileType = sourcecode.swift; path = ViewController.swift; sourceTree = "<group>"; };
		913873811E32262400CE92FE /* Base */ = {isa = PBXFileReference; lastKnownFileType = file.storyboard; name = Base; path = Base.lproj/Main.storyboard; sourceTree = "<group>"; };
		913873831E32262400CE92FE /* Assets.xcassets */ = {isa = PBXFileReference; lastKnownFileType = folder.assetcatalog; path = Assets.xcassets; sourceTree = "<group>"; };
		913873861E32262400CE92FE /* Base */ = {isa = PBXFileReference; lastKnownFileType = file.storyboard; name = Base; path = Base.lproj/LaunchScreen.storyboard; sourceTree = "<group>"; };
		913873881E32262400CE92FE /* Info.plist */ = {isa = PBXFileReference; lastKnownFileType = text.plist.xml; path = Info.plist; sourceTree = "<group>"; };
/* End PBXFileReference section */

/* Begin PBXFrameworksBuildPhase section */
		913873761E32262400CE92FE /* Frameworks */ = {
			isa = PBXFrameworksBuildPhase;
			buildActionMask = 2147483647;
			files = (
			);
			runOnlyForDeploymentPostprocessing = 0;
		};
/* End PBXFrameworksBuildPhase section */

/* Begin PBXGroup section */
		913873701E32262400CE92FE = {
			isa = PBXGroup;
			children = (
				9138737B1E32262400CE92FE /* or-shell */,
				9138737A1E32262400CE92FE /* Products */,
			);
			sourceTree = "<group>";
		};
		9138737A1E32262400CE92FE /* Products */ = {
			isa = PBXGroup;
			children = (
				913873791E32262400CE92FE /* or-shell.app */,
			);
			name = Products;
			sourceTree = "<group>";
		};
		9138737B1E32262400CE92FE /* or-shell */ = {
			isa = PBXGroup;
			children = (
				9138737C1E32262400CE92FE /* AppDelegate.swift */,
				9138737E1E32262400CE92FE /* ViewController.swift */,
				913873801E32262400CE92FE /* Main.storyboard */,
				913873831E32262400CE92FE /* Assets.xcassets */,
				913873851E32262400CE92FE /* LaunchScreen.storyboard */,
				913873881E32262400CE92FE /* Info.plist */,
			);
			path = "or-shell";
			sourceTree = "<group>";
		};
/* End PBXGroup section */

/* Begin PBXNativeTarget section */
		913873781E32262400CE92FE /* or-shell */ = {
			isa = PBXNativeTarget;
			buildConfigurationList = 9138738B1E32262400CE92FE /* Build configuration list for PBXNativeTarget "or-shell" */;
			buildPhases = (
				913873751E32262400CE92FE /* Sources */,
				913873761E32262400CE92FE /* Frameworks */,
				913873771E32262400CE92FE /* Resources */,
			);
			buildRules = (
			);
			dependencies = (
			);
			name = "or-shell";
			productName = "or-shell";
			productReference = 913873791E32262400CE92FE /* or-shell.app */;
			productType = "com.apple.product-type.application";
		};
/* End PBXNativeTarget section */

/* Begin PBXProject section */
		913873711E32262400CE92FE /* Project object */ = {
			isa = PBXProject;
			attributes = {
				LastSwiftUpdateCheck = 0820;
				LastUpgradeCheck = 0820;
				ORGANIZATIONNAME = OpenRemote;
				TargetAttributes = {
					913873781E32262400CE92FE = {
						CreatedOnToolsVersion = 8.2;
						DevelopmentTeam = MD7Q2M7GWA;
						ProvisioningStyle = Automatic;
					};
				};
			};
			buildConfigurationList = 913873741E32262400CE92FE /* Build configuration list for PBXProject "or-shell" */;
			compatibilityVersion = "Xcode 3.2";
			developmentRegion = English;
			hasScannedForEncodings = 0;
			knownRegions = (
				en,
				Base,
			);
			mainGroup = 913873701E32262400CE92FE;
			productRefGroup = 9138737A1E32262400CE92FE /* Products */;
			projectDirPath = "";
			projectRoot = "";
			targets = (
				913873781E32262400CE92FE /* or-shell */,
			);
		};
/* End PBXProject section */

/* Begin PBXResourcesBuildPhase section */
		913873771E32262400CE92FE /* Resources */ = {
			isa = PBXResourcesBuildPhase;
			buildActionMask = 2147483647;
			files = (
				913873871E32262400CE92FE /* LaunchScreen.storyboard in Resources */,
				913873841E32262400CE92FE /* Assets.xcassets in Resources */,
				913873821E32262400CE92FE /* Main.storyboard in Resources */,
			);
			runOnlyForDeploymentPostprocessing = 0;
		};
/* End PBXResourcesBuildPhase section */

/* Begin PBXSourcesBuildPhase section */
		913873751E32262400CE92FE /* Sources */ = {
			isa = PBXSourcesBuildPhase;
			buildActionMask = 2147483647;
			files = (
				9138737F1E32262400CE92FE /* ViewController.swift in Sources */,
				9138737D1E32262400CE92FE /* AppDelegate.swift in Sources */,
			);
			runOnlyForDeploymentPostprocessing = 0;
		};
/* End PBXSourcesBuildPhase section */

/* Begin PBXVariantGroup section */
		913873801E32262400CE92FE /* Main.storyboard */ = {
			isa = PBXVariantGroup;
			children = (
				913873811E32262400CE92FE /* Base */,
			);
			name = Main.storyboard;
			sourceTree = "<group>";
		};
		913873851E32262400CE92FE /* LaunchScreen.storyboard */ = {
			isa = PBXVariantGroup;
			children = (
				913873861E32262400CE92FE /* Base */,
			);
			name = LaunchScreen.storyboard;
			sourceTree = "<group>";
		};
/* End PBXVariantGroup section */

/* Begin XCBuildConfiguration section */
		913873891E32262400CE92FE /* Debug */ = {
			isa = XCBuildConfiguration;
			buildSettings = {
				ALWAYS_SEARCH_USER_PATHS = NO;
				CLANG_ANALYZER_NONNULL = YES;
				CLANG_CXX_LANGUAGE_STANDARD = "gnu++0x";
				CLANG_CXX_LIBRARY = "libc++";
				CLANG_ENABLE_MODULES = YES;
				CLANG_ENABLE_OBJC_ARC = YES;
				CLANG_WARN_BOOL_CONVERSION = YES;
				CLANG_WARN_CONSTANT_CONVERSION = YES;
				CLANG_WARN_DIRECT_OBJC_ISA_USAGE = YES_ERROR;
				CLANG_WARN_DOCUMENTATION_COMMENTS = YES;
				CLANG_WARN_EMPTY_BODY = YES;
				CLANG_WARN_ENUM_CONVERSION = YES;
				CLANG_WARN_INFINITE_RECURSION = YES;
				CLANG_WARN_INT_CONVERSION = YES;
				CLANG_WARN_OBJC_ROOT_CLASS = YES_ERROR;
				CLANG_WARN_SUSPICIOUS_MOVE = YES;
				CLANG_WARN_UNREACHABLE_CODE = YES;
				CLANG_WARN__DUPLICATE_METHOD_MATCH = YES;
				"CODE_SIGN_IDENTITY[sdk=iphoneos*]" = "iPhone Developer";
				COPY_PHASE_STRIP = NO;
				DEBUG_INFORMATION_FORMAT = dwarf;
				ENABLE_STRICT_OBJC_MSGSEND = YES;
				ENABLE_TESTABILITY = YES;
				GCC_C_LANGUAGE_STANDARD = gnu99;
				GCC_DYNAMIC_NO_PIC = NO;
				GCC_NO_COMMON_BLOCKS = YES;
				GCC_OPTIMIZATION_LEVEL = 0;
				GCC_PREPROCESSOR_DEFINITIONS = (
					"DEBUG=1",
					"$(inherited)",
				);
				GCC_WARN_64_TO_32_BIT_CONVERSION = YES;
				GCC_WARN_ABOUT_RETURN_TYPE = YES_ERROR;
				GCC_WARN_UNDECLARED_SELECTOR = YES;
				GCC_WARN_UNINITIALIZED_AUTOS = YES_AGGRESSIVE;
				GCC_WARN_UNUSED_FUNCTION = YES;
				GCC_WARN_UNUSED_VARIABLE = YES;
				IPHONEOS_DEPLOYMENT_TARGET = 10.2;
				MTL_ENABLE_DEBUG_INFO = YES;
				ONLY_ACTIVE_ARCH = YES;
				SDKROOT = iphoneos;
				SWIFT_ACTIVE_COMPILATION_CONDITIONS = DEBUG;
				SWIFT_OPTIMIZATION_LEVEL = "-Onone";
				TARGETED_DEVICE_FAMILY = "1,2";
			};
			name = Debug;
		};
		9138738A1E32262400CE92FE /* Release */ = {
			isa = XCBuildConfiguration;
			buildSettings = {
				ALWAYS_SEARCH_USER_PATHS = NO;
				CLANG_ANALYZER_NONNULL = YES;
				CLANG_CXX_LANGUAGE_STANDARD = "gnu++0x";
				CLANG_CXX_LIBRARY = "libc++";
				CLANG_ENABLE_MODULES = YES;
				CLANG_ENABLE_OBJC_ARC = YES;
				CLANG_WARN_BOOL_CONVERSION = YES;
				CLANG_WARN_CONSTANT_CONVERSION = YES;
				CLANG_WARN_DIRECT_OBJC_ISA_USAGE = YES_ERROR;
				CLANG_WARN_DOCUMENTATION_COMMENTS = YES;
				CLANG_WARN_EMPTY_BODY = YES;
				CLANG_WARN_ENUM_CONVERSION = YES;
				CLANG_WARN_INFINITE_RECURSION = YES;
				CLANG_WARN_INT_CONVERSION = YES;
				CLANG_WARN_OBJC_ROOT_CLASS = YES_ERROR;
				CLANG_WARN_SUSPICIOUS_MOVE = YES;
				CLANG_WARN_UNREACHABLE_CODE = YES;
				CLANG_WARN__DUPLICATE_METHOD_MATCH = YES;
				"CODE_SIGN_IDENTITY[sdk=iphoneos*]" = "iPhone Developer";
				COPY_PHASE_STRIP = NO;
				DEBUG_INFORMATION_FORMAT = "dwarf-with-dsym";
				ENABLE_NS_ASSERTIONS = NO;
				ENABLE_STRICT_OBJC_MSGSEND = YES;
				GCC_C_LANGUAGE_STANDARD = gnu99;
				GCC_NO_COMMON_BLOCKS = YES;
				GCC_WARN_64_TO_32_BIT_CONVERSION = YES;
				GCC_WARN_ABOUT_RETURN_TYPE = YES_ERROR;
				GCC_WARN_UNDECLARED_SELECTOR = YES;
				GCC_WARN_UNINITIALIZED_AUTOS = YES_AGGRESSIVE;
				GCC_WARN_UNUSED_FUNCTION = YES;
				GCC_WARN_UNUSED_VARIABLE = YES;
				IPHONEOS_DEPLOYMENT_TARGET = 10.2;
				MTL_ENABLE_DEBUG_INFO = NO;
				SDKROOT = iphoneos;
				SWIFT_OPTIMIZATION_LEVEL = "-Owholemodule";
				TARGETED_DEVICE_FAMILY = "1,2";
				VALIDATE_PRODUCT = YES;
			};
			name = Release;
		};
		9138738C1E32262400CE92FE /* Debug */ = {
			isa = XCBuildConfiguration;
			buildSettings = {
				ASSETCATALOG_COMPILER_APPICON_NAME = AppIcon;
				DEVELOPMENT_TEAM = MD7Q2M7GWA;
				INFOPLIST_FILE = "or-shell/Info.plist";
				LD_RUNPATH_SEARCH_PATHS = "$(inherited) @executable_path/Frameworks";
				PRODUCT_BUNDLE_IDENTIFIER = "org.openremote.or-shell";
				PRODUCT_NAME = "$(TARGET_NAME)";
				SWIFT_VERSION = 3.0;
			};
			name = Debug;
		};
		9138738D1E32262400CE92FE /* Release */ = {
			isa = XCBuildConfiguration;
			buildSettings = {
				ASSETCATALOG_COMPILER_APPICON_NAME = AppIcon;
				DEVELOPMENT_TEAM = MD7Q2M7GWA;
				INFOPLIST_FILE = "or-shell/Info.plist";
				LD_RUNPATH_SEARCH_PATHS = "$(inherited) @executable_path/Frameworks";
				PRODUCT_BUNDLE_IDENTIFIER = "org.openremote.or-shell";
				PRODUCT_NAME = "$(TARGET_NAME)";
				SWIFT_VERSION = 3.0;
			};
			name = Release;
		};
/* End XCBuildConfiguration section */

/* Begin XCConfigurationList section */
		913873741E32262400CE92FE /* Build configuration list for PBXProject "or-shell" */ = {
			isa = XCConfigurationList;
			buildConfigurations = (
				913873891E32262400CE92FE /* Debug */,
				9138738A1E32262400CE92FE /* Release */,
			);
			defaultConfigurationIsVisible = 0;
			defaultConfigurationName = Release;
		};
		9138738B1E32262400CE92FE /* Build configuration list for PBXNativeTarget "or-shell" */ = {
			isa = XCConfigurationList;
			buildConfigurations = (
				9138738C1E32262400CE92FE /* Debug */,
				9138738D1E32262400CE92FE /* Release */,
			);
			defaultConfigurationIsVisible = 0;
		};
/* End XCConfigurationList section */
	};
	rootObject = 913873711E32262400CE92FE /* Project object */;
}
