{
  "name": "@openremote/or-chart",
  "version": "1.1.0",
  "lockfileVersion": 1,
  "requires": true,
  "dependencies": {
    "@material/animation": {
      "version": "5.0.0-canary.1c494e567.0",
      "resolved": "https://registry.npmjs.org/@material/animation/-/animation-5.0.0-canary.1c494e567.0.tgz",
      "integrity": "sha512-reEvoJue3XYRTZaNmVOj+1l41w1N8ix7KgzICHSR7d474G0VHQPp9v6ylvvB/QUsyew3xcE7YaqTSdP67nA54A==",
      "requires": {
        "tslib": "^1.9.3"
      }
    },
    "@material/base": {
      "version": "5.0.0-canary.1c494e567.0",
      "resolved": "https://registry.npmjs.org/@material/base/-/base-5.0.0-canary.1c494e567.0.tgz",
      "integrity": "sha512-K23UTOxLrbEqAkbKb0aYSkLJ4L8d6vSlzx908iGTho9ybFLUcamRvQfav0mgpACmlPIxwrkbN40KAzGApTt4Gw==",
      "requires": {
        "tslib": "^1.9.3"
      }
    },
    "@material/dialog": {
      "version": "5.0.0-canary.1c494e567.0",
      "resolved": "https://registry.npmjs.org/@material/dialog/-/dialog-5.0.0-canary.1c494e567.0.tgz",
      "integrity": "sha512-ikDUG7ATIK44IBwVS4kh8A7r34xl4591WnIOIQpxTQv8geIXPbVd1TIilvJKg0mdGjA5yybTxdyOoBkPxDycbg==",
      "requires": {
        "@material/animation": "5.0.0-canary.1c494e567.0",
        "@material/base": "5.0.0-canary.1c494e567.0",
        "@material/dom": "5.0.0-canary.1c494e567.0",
        "@material/elevation": "5.0.0-canary.1c494e567.0",
        "@material/feature-targeting": "5.0.0-canary.1c494e567.0",
        "@material/ripple": "5.0.0-canary.1c494e567.0",
        "@material/rtl": "5.0.0-canary.1c494e567.0",
        "@material/shape": "5.0.0-canary.1c494e567.0",
        "@material/theme": "5.0.0-canary.1c494e567.0",
        "@material/touch-target": "5.0.0-canary.1c494e567.0",
        "@material/typography": "5.0.0-canary.1c494e567.0",
        "focus-trap": "^5.0.0",
        "tslib": "^1.9.3"
      }
    },
    "@material/dom": {
      "version": "5.0.0-canary.1c494e567.0",
      "resolved": "https://registry.npmjs.org/@material/dom/-/dom-5.0.0-canary.1c494e567.0.tgz",
      "integrity": "sha512-O4GDLRXFA9PJbTfkqEhuI+Yow6dKHiDLdDDNX366rLpbpPyOXrblOW7WVRhLE+L/iuocdPqNYs9sUKQMiW75UQ==",
      "requires": {
        "tslib": "^1.9.3"
      }
    },
    "@material/elevation": {
      "version": "5.0.0-canary.1c494e567.0",
      "resolved": "https://registry.npmjs.org/@material/elevation/-/elevation-5.0.0-canary.1c494e567.0.tgz",
      "integrity": "sha512-4jmBnUbdqTfqY0SgHSU5j8w0nDLR4Tk/GX49ulvttcjsjv5ZLOrsUez62qx0Q9xWIjCra2kBSOmU+Gbz/D5uDQ==",
      "requires": {
        "@material/animation": "5.0.0-canary.1c494e567.0",
        "@material/base": "5.0.0-canary.1c494e567.0",
        "@material/feature-targeting": "5.0.0-canary.1c494e567.0",
        "@material/theme": "5.0.0-canary.1c494e567.0"
      }
    },
    "@material/feature-targeting": {
      "version": "5.0.0-canary.1c494e567.0",
      "resolved": "https://registry.npmjs.org/@material/feature-targeting/-/feature-targeting-5.0.0-canary.1c494e567.0.tgz",
      "integrity": "sha512-Ti3CIVLJMXmTZsZjtUeAP2sdAb9nNTHK7EIdLLZjcrYe2GexWtJPS//AXDK7PDkBj7kYqIP7xUdUGfVYSz+g4Q=="
    },
    "@material/mwc-base": {
      "version": "0.12.0",
      "resolved": "https://registry.npmjs.org/@material/mwc-base/-/mwc-base-0.12.0.tgz",
      "integrity": "sha512-JjhZbzrs6WM9Gjo6IIsdMXORh4F4BTESa+SnV4lqhpfBdDJhWcADvPD9WrU23MS3p+/f/1SzUrRKyQ9dfumCSw==",
      "requires": {
        "@material/base": "=5.0.0-canary.1c494e567.0",
        "@material/dom": "=5.0.0-canary.1c494e567.0",
        "@material/ripple": "=5.0.0-canary.1c494e567.0",
        "lit-element": "^2.2.1",
        "tslib": "^1.10.0"
      },
      "dependencies": {
        "lit-element": {
          "version": "2.2.1",
          "resolved": "https://registry.npmjs.org/lit-element/-/lit-element-2.2.1.tgz",
          "integrity": "sha512-ipDcgQ1EpW6Va2Z6dWm79jYdimVepO5GL0eYkZrFvdr0OD/1N260Q9DH+K5HXHFrRoC7dOg+ZpED2XE0TgGdXw==",
          "requires": {
            "lit-html": "^1.0.0"
          }
        }
      }
    },
    "@material/mwc-dialog": {
      "version": "0.12.0",
      "resolved": "https://registry.npmjs.org/@material/mwc-dialog/-/mwc-dialog-0.12.0.tgz",
      "integrity": "sha512-5WmBd2flbqJsNHXBBpQXon3tVzFbEC9COQYulaZJWNs6HFaPNFkHELrgfhn66yIb2UDCgd3DTKFZdhdfuqvykQ==",
      "requires": {
        "@material/dialog": "=5.0.0-canary.1c494e567.0",
        "@material/dom": "=5.0.0-canary.1c494e567.0",
        "@material/mwc-base": "^0.12.0",
        "@material/touch-target": "=5.0.0-canary.1c494e567.0",
        "blocking-elements": "^0.1.0",
        "lit-element": "^2.2.1",
        "lit-html": "^1.1.2",
        "tslib": "^1.10.0",
        "wicg-inert": "^3.0.0"
      },
      "dependencies": {
        "lit-element": {
          "version": "2.2.1",
          "resolved": "https://registry.npmjs.org/lit-element/-/lit-element-2.2.1.tgz",
          "integrity": "sha512-ipDcgQ1EpW6Va2Z6dWm79jYdimVepO5GL0eYkZrFvdr0OD/1N260Q9DH+K5HXHFrRoC7dOg+ZpED2XE0TgGdXw==",
          "requires": {
            "lit-html": "^1.0.0"
          }
        }
      }
    },
    "@material/ripple": {
      "version": "5.0.0-canary.1c494e567.0",
      "resolved": "https://registry.npmjs.org/@material/ripple/-/ripple-5.0.0-canary.1c494e567.0.tgz",
      "integrity": "sha512-AJZ/eL2dFF6kVa5w6Tl8TiLjoBE1IcA96sZFUPdNJqBM4ddHpHoFejrkJOt7dVxmAIOgHjktUo8+5vHDOAE14w==",
      "requires": {
        "@material/animation": "5.0.0-canary.1c494e567.0",
        "@material/base": "5.0.0-canary.1c494e567.0",
        "@material/dom": "5.0.0-canary.1c494e567.0",
        "@material/feature-targeting": "5.0.0-canary.1c494e567.0",
        "@material/theme": "5.0.0-canary.1c494e567.0",
        "tslib": "^1.9.3"
      }
    },
    "@material/rtl": {
      "version": "5.0.0-canary.1c494e567.0",
      "resolved": "https://registry.npmjs.org/@material/rtl/-/rtl-5.0.0-canary.1c494e567.0.tgz",
      "integrity": "sha512-Xmfp0UWS7MN7IyHDEl0dgn30Gpb/G5B22gwbi/lfrwjt5/gVM8EBUTKR07+a8y54K8pgmapaJUhopOzNs4DpGg=="
    },
    "@material/shape": {
      "version": "5.0.0-canary.1c494e567.0",
      "resolved": "https://registry.npmjs.org/@material/shape/-/shape-5.0.0-canary.1c494e567.0.tgz",
      "integrity": "sha512-WG/C8y/r+PgZ07E6syrVJYY2hjOPg9SypFvMd4LQeKYahMTRuZr4T+CEg9WxR496e51UrrUFtAL8D6oqMLiY2A==",
      "requires": {
        "@material/feature-targeting": "5.0.0-canary.1c494e567.0"
      }
    },
    "@material/theme": {
      "version": "5.0.0-canary.1c494e567.0",
      "resolved": "https://registry.npmjs.org/@material/theme/-/theme-5.0.0-canary.1c494e567.0.tgz",
      "integrity": "sha512-U4u326P7h3r3dz+0y3LlqlBqh2oyhXdpzuhdBuhVBKyW/3cMup+BWMBaNBcx/W9igFKWdkk5Z9AoLguoDpBLqg==",
      "requires": {
        "@material/feature-targeting": "5.0.0-canary.1c494e567.0"
      }
    },
    "@material/touch-target": {
      "version": "5.0.0-canary.1c494e567.0",
      "resolved": "https://registry.npmjs.org/@material/touch-target/-/touch-target-5.0.0-canary.1c494e567.0.tgz",
      "integrity": "sha512-K6he0fCA63ruaR1I19M7PMNJW1m2t50YiX/UUQSJFtGq72WmA6NXu8CEWjuPI8mPXNbl8pMFCnv7UXsLANyvSg==",
      "requires": {
        "@material/feature-targeting": "5.0.0-canary.1c494e567.0"
      }
    },
    "@material/typography": {
      "version": "5.0.0-canary.1c494e567.0",
      "resolved": "https://registry.npmjs.org/@material/typography/-/typography-5.0.0-canary.1c494e567.0.tgz",
      "integrity": "sha512-Mg2nTMokH9Y+5/Omd/jUKV5CHUO6zCVmDKqAOxeFpjsYVMRi2NwrAhplMmKNwipmQFoguP84zN8jhpl3gK6gbw==",
      "requires": {
        "@material/feature-targeting": "5.0.0-canary.1c494e567.0"
      }
    },
    "blocking-elements": {
      "version": "0.1.0",
      "resolved": "https://registry.npmjs.org/blocking-elements/-/blocking-elements-0.1.0.tgz",
      "integrity": "sha512-m9UvynAHLhlWH4vSovSDAopW7DyJ91qeDnNrJqy+DE+tjhUYiXW1x7pOm3DZBczlQPPypWpOwOz5xd5A76vNvg=="
    },
    "focus-trap": {
      "version": "5.1.0",
      "resolved": "https://registry.npmjs.org/focus-trap/-/focus-trap-5.1.0.tgz",
      "integrity": "sha512-CkB/nrO55069QAUjWFBpX6oc+9V90Qhgpe6fBWApzruMq5gnlh90Oo7iSSDK7pKiV5ugG6OY2AXM5mxcmL3lwQ==",
      "requires": {
        "tabbable": "^4.0.0",
        "xtend": "^4.0.1"
      }
    },
    "lit-html": {
      "version": "1.1.2",
      "resolved": "https://registry.npmjs.org/lit-html/-/lit-html-1.1.2.tgz",
      "integrity": "sha512-FFlUMKHKi+qG1x1iHNZ1hrtc/zHmfYTyrSvs3/wBTvaNtpZjOZGWzU7efGYVpgp6KvWeKF6ql9/KsCq6Z/mEDA=="
    },
    "tabbable": {
      "version": "4.0.0",
      "resolved": "https://registry.npmjs.org/tabbable/-/tabbable-4.0.0.tgz",
      "integrity": "sha512-H1XoH1URcBOa/rZZWxLxHCtOdVUEev+9vo5YdYhC9tCY4wnybX+VQrCYuy9ubkg69fCBxCONJOSLGfw0DWMffQ=="
    },
    "tslib": {
      "version": "1.10.0",
      "resolved": "https://registry.npmjs.org/tslib/-/tslib-1.10.0.tgz",
      "integrity": "sha512-qOebF53frne81cf0S9B41ByenJ3/IuH8yJKngAX35CmiZySA0khhkovshKK+jGCaMnVomla7gVlIcc3EvKPbTQ=="
    },
    "wicg-inert": {
      "version": "3.0.1",
      "resolved": "https://registry.npmjs.org/wicg-inert/-/wicg-inert-3.0.1.tgz",
      "integrity": "sha512-ge5a5cTzkESRLPx7saeKVnJsxEZCs2h8Yx9Jnl3IAuYpeL7AO06CVWem7GU2P/HP8X+s6u3OcAiMHOBYpXSNkg=="
    },
    "xtend": {
      "version": "4.0.2",
      "resolved": "https://registry.npmjs.org/xtend/-/xtend-4.0.2.tgz",
      "integrity": "sha512-LKYU1iAXJXUgAXn9URjiu+MWhyUXHsvfp7mcuYm9dSUKK0/CjtrUwFAxD82/mCWbtLsGjFIad0wIsod4zrTAEQ=="
    }
  }
}
